
Microsoft Visual Studio Solution File, Format Version 12.00
# Visual Studio 15
Project("{FAE04EC0-301F-11D3-BF4B-00C04F79EFBC}") = "Unity.Timeline", "Unity.Timeline.csproj", "{0B2A7A3C-0EC3-F45E-3113-99755B828DCF}"
EndProject
Project("{FAE04EC0-301F-11D3-BF4B-00C04F79EFBC}") = "Unity.RenderPipelines.GPUDriven.Runtime", "Unity.RenderPipelines.GPUDriven.Runtime.csproj", "{24B68198-03B6-EF82-26C1-109FB9DE920C}"
EndProject
Project("{FAE04EC0-301F-11D3-BF4B-00C04F79EFBC}") = "Unity.PlasticSCM.Editor", "Unity.PlasticSCM.Editor.csproj", "{3B955328-114A-1D71-290C-D8133DF1E8ED}"
EndProject
Project("{FAE04EC0-301F-11D3-BF4B-00C04F79EFBC}") = "Unity.ShaderGraph.Editor", "Unity.ShaderGraph.Editor.csproj", "{BEA03667-FF2B-692A-49D2-FB5C25F49F5B}"
EndProject
Project("{FAE04EC0-301F-11D3-BF4B-00C04F79EFBC}") = "Unity.RenderPipelines.Core.Runtime", "Unity.RenderPipelines.Core.Runtime.csproj", "{8833DE80-57CF-21B5-5061-E0D6FB2AE325}"
EndProject
Project("{FAE04EC0-301F-11D3-BF4B-00C04F79EFBC}") = "Unity.ScriptableBuildPipeline.Editor", "Unity.ScriptableBuildPipeline.Editor.csproj", "{19129F34-9436-30AD-F17A-3E0EC9C3DED2}"
EndProject
Project("{FAE04EC0-301F-11D3-BF4B-00C04F79EFBC}") = "Unity.Mathematics", "Unity.Mathematics.csproj", "{DD1A82C3-C9D1-02E5-3089-D640CB3DA299}"
EndProject
Project("{FAE04EC0-301F-11D3-BF4B-00C04F79EFBC}") = "Unity.Timeline.Editor", "Unity.Timeline.Editor.csproj", "{F7646E95-E4A8-C177-86D4-E228D80DE15D}"
EndProject
Project("{FAE04EC0-301F-11D3-BF4B-00C04F79EFBC}") = "Unity.Multiplayer.Center.Editor", "Unity.Multiplayer.Center.Editor.csproj", "{EF9E40E2-3CEC-478C-106D-38F919EB13AD}"
EndProject
Project("{FAE04EC0-301F-11D3-BF4B-00C04F79EFBC}") = "Unity.RenderPipelines.Core.Editor", "Unity.RenderPipelines.Core.Editor.csproj", "{44A93BA3-99D4-0E58-152D-4DEA5527805E}"
EndProject
Project("{FAE04EC0-301F-11D3-BF4B-00C04F79EFBC}") = "Unity.Collections", "Unity.Collections.csproj", "{80EF44D5-120B-AE3F-7B53-38BFA0D0D972}"
EndProject
Project("{FAE04EC0-301F-11D3-BF4B-00C04F79EFBC}") = "UnityEngine.UI", "UnityEngine.UI.csproj", "{60CC3C3D-1C34-9DF7-8E21-FBD6EEEEE24C}"
EndProject
Project("{FAE04EC0-301F-11D3-BF4B-00C04F79EFBC}") = "Unity.RenderPipelines.Universal.2D.Runtime", "Unity.RenderPipelines.Universal.2D.Runtime.csproj", "{922FAF9B-7134-6416-A390-380AF57D7CA3}"
EndProject
Project("{FAE04EC0-301F-11D3-BF4B-00C04F79EFBC}") = "Unity.Addressables.Editor", "Unity.Addressables.Editor.csproj", "{3A6ECBF3-1251-065A-D3B5-4F3C26983ABD}"
EndProject
Project("{FAE04EC0-301F-11D3-BF4B-00C04F79EFBC}") = "Unity.VisualScripting.Core.Editor", "Unity.VisualScripting.Core.Editor.csproj", "{254D95F1-F66F-5365-1B9C-A4737D2CF318}"
EndProject
Project("{FAE04EC0-301F-11D3-BF4B-00C04F79EFBC}") = "Unity.RenderPipelines.Universal.Editor", "Unity.RenderPipelines.Universal.Editor.csproj", "{AB8A3793-E169-66DB-47AA-B7A349FEC5E7}"
EndProject
Project("{FAE04EC0-301F-11D3-BF4B-00C04F79EFBC}") = "Unity.PerformanceTesting.Editor", "Unity.PerformanceTesting.Editor.csproj", "{824FE65D-2C14-7B8E-DB4D-BBB1B5BF6E84}"
EndProject
Project("{FAE04EC0-301F-11D3-BF4B-00C04F79EFBC}") = "UnityEngine.TestRunner", "UnityEngine.TestRunner.csproj", "{7178AA5C-1D30-92C7-6F8C-6C98CB1CC73A}"
EndProject
Project("{FAE04EC0-301F-11D3-BF4B-00C04F79EFBC}") = "Unity.Burst", "Unity.Burst.csproj", "{01FDF9B8-559B-997E-33A2-749A31BB885A}"
EndProject
Project("{FAE04EC0-301F-11D3-BF4B-00C04F79EFBC}") = "Unity.VisualScripting.Flow.Editor", "Unity.VisualScripting.Flow.Editor.csproj", "{74DA09FD-7F87-77CD-FE7B-C7F5F4E1F0F8}"
EndProject
Project("{FAE04EC0-301F-11D3-BF4B-00C04F79EFBC}") = "Unity.VisualStudio.Editor", "Unity.VisualStudio.Editor.csproj", "{F9C4FD40-5E40-3D05-0497-92122C5F3AFF}"
EndProject
Project("{FAE04EC0-301F-11D3-BF4B-00C04F79EFBC}") = "Unity.InputSystem", "Unity.InputSystem.csproj", "{07C8CE48-6178-867C-2603-83C857DF5DBF}"
EndProject
Project("{FAE04EC0-301F-11D3-BF4B-00C04F79EFBC}") = "PPv2URPConverters", "PPv2URPConverters.csproj", "{0501A597-946E-F1AE-1BC9-3178AA6A2832}"
EndProject
Project("{FAE04EC0-301F-11D3-BF4B-00C04F79EFBC}") = "Devian.Unity.Common", "Devian.Unity.Common.csproj", "{8128504E-ACF8-CF1E-7E40-F82A788D314F}"
EndProject
Project("{FAE04EC0-301F-11D3-BF4B-00C04F79EFBC}") = "Unity.Searcher.Editor", "Unity.Searcher.Editor.csproj", "{3750D0AB-C9AA-4E0C-99D7-7F1D6D32B07A}"
EndProject
Project("{FAE04EC0-301F-11D3-BF4B-00C04F79EFBC}") = "Unity.ResourceManager", "Unity.ResourceManager.csproj", "{BC1144F5-454A-1267-4A97-D38AFD3A4FDA}"
EndProject
Project("{FAE04EC0-301F-11D3-BF4B-00C04F79EFBC}") = "UnityEditor.TestRunner", "UnityEditor.TestRunner.csproj", "{159AF643-8F6E-C875-01A7-227ABB151E40}"
EndProject
Project("{FAE04EC0-301F-11D3-BF4B-00C04F79EFBC}") = "Unity.VisualScripting.Core", "Unity.VisualScripting.Core.csproj", "{6FDF1154-8B3D-F70A-656D-D65C417FBD1A}"
EndProject
Project("{FAE04EC0-301F-11D3-BF4B-00C04F79EFBC}") = "Unity.RenderPipelines.Universal.Runtime", "Unity.RenderPipelines.Universal.Runtime.csproj", "{697DD243-2160-FD46-8E4D-3D74082761D6}"
EndProject
Project("{FAE04EC0-301F-11D3-BF4B-00C04F79EFBC}") = "Unity.UnifiedRayTracing.Runtime", "Unity.UnifiedRayTracing.Runtime.csproj", "{D1B71C36-BE89-4137-8A20-FC6A3AE16CC0}"
EndProject
Project("{FAE04EC0-301F-11D3-BF4B-00C04F79EFBC}") = "Unity.AI.Navigation.Editor.ConversionSystem", "Unity.AI.Navigation.Editor.ConversionSystem.csproj", "{747CD831-FB24-9CF1-4205-22BC33252C7E}"
EndProject
Project("{FAE04EC0-301F-11D3-BF4B-00C04F79EFBC}") = "Unity.VisualScripting.State.Editor", "Unity.VisualScripting.State.Editor.csproj", "{0F7D8F63-41D5-5C8D-2767-7554E3E9B8EA}"
EndProject
Project("{FAE04EC0-301F-11D3-BF4B-00C04F79EFBC}") = "Unity.Burst.CodeGen", "Unity.Burst.CodeGen.csproj", "{2D44477F-C331-9424-4441-7D7EC633FC8D}"
EndProject
Project("{FAE04EC0-301F-11D3-BF4B-00C04F79EFBC}") = "Unity.Addressables.DocExampleCode.Editor.Tests", "Unity.Addressables.DocExampleCode.Editor.Tests.csproj", "{34DC5748-8495-29E5-3CDB-64F2451250EF}"
EndProject
Project("{FAE04EC0-301F-11D3-BF4B-00C04F79EFBC}") = "Unity.VisualScripting.Flow", "Unity.VisualScripting.Flow.csproj", "{C0D16D32-2363-BC3B-54AE-A21AB56D5EF9}"
EndProject
Project("{FAE04EC0-301F-11D3-BF4B-00C04F79EFBC}") = "Unity.PerformanceTesting", "Unity.PerformanceTesting.csproj", "{76BD9E8D-8398-2056-C9F3-1C9C5FF30F00}"
EndProject
Project("{FAE04EC0-301F-11D3-BF4B-00C04F79EFBC}") = "Unity.TextMeshPro", "Unity.TextMeshPro.csproj", "{2A45B19C-8264-D946-FAC7-F45EDC2B5D31}"
EndProject
Project("{FAE04EC0-301F-11D3-BF4B-00C04F79EFBC}") = "Devian.Module.Common", "Devian.Module.Common.csproj", "{1C64138F-AE50-81D3-5FD2-8A87FC93AF33}"
EndProject
Project("{FAE04EC0-301F-11D3-BF4B-00C04F79EFBC}") = "Unity.TextMeshPro.Editor", "Unity.TextMeshPro.Editor.csproj", "{9B3918C4-C8C9-8AA6-1145-7F57CF42B28C}"
EndProject
Project("{FAE04EC0-301F-11D3-BF4B-00C04F79EFBC}") = "Unity.Burst.Editor", "Unity.Burst.Editor.csproj", "{025FD270-8163-5D38-3AB8-C3DEB19200E3}"
EndProject
Project("{FAE04EC0-301F-11D3-BF4B-00C04F79EFBC}") = "Unity.Rider.Editor", "Unity.Rider.Editor.csproj", "{CA03519C-9602-DD4A-27E4-DB22349DFA76}"
EndProject
Project("{FAE04EC0-301F-11D3-BF4B-00C04F79EFBC}") = "Unity.VisualScripting.State", "Unity.VisualScripting.State.csproj", "{D06CE759-6D28-6D98-EB9E-D54FA3B6BD38}"
EndProject
Project("{FAE04EC0-301F-11D3-BF4B-00C04F79EFBC}") = "Unity.AI.Navigation.Updater", "Unity.AI.Navigation.Updater.csproj", "{2040ECE0-5247-D84C-E80A-E1095DEF3F2B}"
EndProject
Project("{FAE04EC0-301F-11D3-BF4B-00C04F79EFBC}") = "UnityEditor.UI", "UnityEditor.UI.csproj", "{6A2C1AFF-9E9A-271E-6D36-6B8D584DF6ED}"
EndProject
Project("{FAE04EC0-301F-11D3-BF4B-00C04F79EFBC}") = "Unity.RenderPipelines.Universal.2D.Editor.Overrides", "Unity.RenderPipelines.Universal.2D.Editor.Overrides.csproj", "{34CFFD3A-3421-F37B-597B-DA3F3E8E843E}"
EndProject
Project("{FAE04EC0-301F-11D3-BF4B-00C04F79EFBC}") = "Devian.Protobuf", "Devian.Protobuf.csproj", "{BBAA3119-7F51-19DC-43E2-F226169AF535}"
EndProject
Project("{FAE04EC0-301F-11D3-BF4B-00C04F79EFBC}") = "Unity.AI.Navigation.Editor", "Unity.AI.Navigation.Editor.csproj", "{1F6C3922-5DD9-CEFA-3B7E-A7BC250BCE3C}"
EndProject
Project("{FAE04EC0-301F-11D3-BF4B-00C04F79EFBC}") = "Devian.Core", "Devian.Core.csproj", "{BE59D257-BCE4-3EFD-A48C-4F1B1BAB05B5}"
EndProject
Project("{FAE04EC0-301F-11D3-BF4B-00C04F79EFBC}") = "Devian.Unity.Common.Editor", "Devian.Unity.Common.Editor.csproj", "{C039A0AA-D1C3-373C-B439-E97985E0D818}"
EndProject
Project("{FAE04EC0-301F-11D3-BF4B-00C04F79EFBC}") = "Unity.Multiplayer.Center.Common", "Unity.Multiplayer.Center.Common.csproj", "{6D6E24A4-C77B-D79D-3431-64DF767B4730}"
EndProject
Project("{FAE04EC0-301F-11D3-BF4B-00C04F79EFBC}") = "Unity.InputSystem.ForUI", "Unity.InputSystem.ForUI.csproj", "{F3F2338E-5B2C-8342-C281-F31B3BEB5226}"
EndProject
Project("{FAE04EC0-301F-11D3-BF4B-00C04F79EFBC}") = "Unity.AI.Navigation", "Unity.AI.Navigation.csproj", "{8094E527-D75F-D6D7-689D-94A7E7C37CF7}"
EndProject
Project("{FAE04EC0-301F-11D3-BF4B-00C04F79EFBC}") = "Unity.Collections.CodeGen", "Unity.Collections.CodeGen.csproj", "{03B2120B-D633-8E82-7F4C-719C004CE9A2}"
EndProject
Project("{FAE04EC0-301F-11D3-BF4B-00C04F79EFBC}") = "Unity.Addressables", "Unity.Addressables.csproj", "{A41FBED1-84E8-FF79-54BA-4D656D3E6B93}"
EndProject
Project("{FAE04EC0-301F-11D3-BF4B-00C04F79EFBC}") = "Unity.Mathematics.Editor", "Unity.Mathematics.Editor.csproj", "{E56C3396-852E-68F6-072A-9AEE4D51216F}"
EndProject
Project("{FAE04EC0-301F-11D3-BF4B-00C04F79EFBC}") = "Unity.VisualScripting.SettingsProvider.Editor", "Unity.VisualScripting.SettingsProvider.Editor.csproj", "{AEE6585A-5C03-F2CE-69AD-D80347FDCC15}"
EndProject
Project("{FAE04EC0-301F-11D3-BF4B-00C04F79EFBC}") = "Assembly-CSharp-Editor", "Assembly-CSharp-Editor.csproj", "{6612ABD6-694F-C682-B630-48CA84B54A99}"
EndProject
Project("{FAE04EC0-301F-11D3-BF4B-00C04F79EFBC}") = "Devian.Network.Sample", "Devian.Network.Sample.csproj", "{1DCC3322-2022-1746-9892-F5A54500C735}"
EndProject
Project("{FAE04EC0-301F-11D3-BF4B-00C04F79EFBC}") = "Unity.InputSystem.TestFramework", "Unity.InputSystem.TestFramework.csproj", "{89449CB5-82F9-23E6-51B4-C8CC56FA0D62}"
EndProject
Project("{FAE04EC0-301F-11D3-BF4B-00C04F79EFBC}") = "Unity.CollabProxy.Editor", "Unity.CollabProxy.Editor.csproj", "{852CD970-C2EE-44C6-486A-2D8BFC78E127}"
EndProject
Project("{FAE04EC0-301F-11D3-BF4B-00C04F79EFBC}") = "Unity.ShaderGraph.Utilities", "Unity.ShaderGraph.Utilities.csproj", "{0692BF0C-3E2F-E41E-1F6C-4840089CEBAB}"
EndProject
Project("{FAE04EC0-301F-11D3-BF4B-00C04F79EFBC}") = "Devian.Network", "Devian.Network.csproj", "{BA233111-C828-0A83-8951-CAD8BDC5047A}"
EndProject
Project("{FAE04EC0-301F-11D3-BF4B-00C04F79EFBC}") = "Unity.VisualScripting.Shared.Editor", "Unity.VisualScripting.Shared.Editor.csproj", "{7EEF047F-69D3-4CF9-8C83-7267AAFCB838}"
EndProject
Project("{FAE04EC0-301F-11D3-BF4B-00C04F79EFBC}") = "Unity.Profiling.Core", "Unity.Profiling.Core.csproj", "{14BA3A4C-6465-9554-DA42-EB1EA8409819}"
EndProject
Project("{FAE04EC0-301F-11D3-BF4B-00C04F79EFBC}") = "Unity.RenderPipeline.Universal.ShaderLibrary", "Unity.RenderPipeline.Universal.ShaderLibrary.csproj", "{30BD86ED-781A-F5D6-B776-4D6FD338E610}"
EndProject
Project("{FAE04EC0-301F-11D3-BF4B-00C04F79EFBC}") = "Unity.InputSystem.DocCodeSamples", "Unity.InputSystem.DocCodeSamples.csproj", "{E4236532-0340-C1CB-9CCE-40D9A36BDE1A}"
EndProject
Project("{FAE04EC0-301F-11D3-BF4B-00C04F79EFBC}") = "Unity.RenderPipelines.Universal.Shaders", "Unity.RenderPipelines.Universal.Shaders.csproj", "{D532BBF8-6BE5-27B4-E6A4-730D20577170}"
EndProject
Project("{FAE04EC0-301F-11D3-BF4B-00C04F79EFBC}") = "Devian.Sample", "Devian.Sample.csproj", "{A567105F-B505-A358-4D70-DFE43B501C30}"
EndProject
Project("{FAE04EC0-301F-11D3-BF4B-00C04F79EFBC}") = "Unity.RenderPipelines.Core.Runtime.Shared", "Unity.RenderPipelines.Core.Runtime.Shared.csproj", "{1B9CC5A5-1B05-8F23-4017-32D6215E0134}"
EndProject
Project("{FAE04EC0-301F-11D3-BF4B-00C04F79EFBC}") = "Unity.InternalAPIEngineBridge.004", "Unity.InternalAPIEngineBridge.004.csproj", "{A416F2DF-F183-63FA-B7FB-364FC706003F}"
EndProject
Project("{FAE04EC0-301F-11D3-BF4B-00C04F79EFBC}") = "Unity.RenderPipelines.Core.Editor.Shared", "Unity.RenderPipelines.Core.Editor.Shared.csproj", "{11CA8795-FC34-230B-D451-64C65876E8DD}"
EndProject
Project("{FAE04EC0-301F-11D3-BF4B-00C04F79EFBC}") = "Assembly-CSharp", "Assembly-CSharp.csproj", "{CE6CC3C3-EFD9-8291-FB5C-9EC14965F3E8}"
EndProject
Project("{FAE04EC0-301F-11D3-BF4B-00C04F79EFBC}") = "Devian.Network.Game", "Devian.Network.Game.csproj", "{21DD2A20-BE57-EA61-E1E4-70BAD8BF8A5A}"
EndProject
Project("{FAE04EC0-301F-11D3-BF4B-00C04F79EFBC}") = "Unity.VisualScripting.DocCodeExamples", "Unity.VisualScripting.DocCodeExamples.csproj", "{D68BD194-2C72-876F-8F14-48B2BA264B14}"
EndProject
Project("{FAE04EC0-301F-11D3-BF4B-00C04F79EFBC}") = "Unity.ScriptableBuildPipeline", "Unity.ScriptableBuildPipeline.csproj", "{C90D422D-4577-876F-4995-0A9FBF67C509}"
EndProject
Project("{FAE04EC0-301F-11D3-BF4B-00C04F79EFBC}") = "Unity.PlasticSCM.Editor.Entities", "Unity.PlasticSCM.Editor.Entities.csproj", "{1D84B0CC-1344-4300-38AF-6C4A07923505}"
EndProject
Project("{FAE04EC0-301F-11D3-BF4B-00C04F79EFBC}") = "Unity.Rendering.LightTransport.Editor", "Unity.Rendering.LightTransport.Editor.csproj", "{DF3E4BB7-E524-24F6-E570-38C6D0A89C7E}"
EndProject
Project("{FAE04EC0-301F-11D3-BF4B-00C04F79EFBC}") = "Unity.Collections.Editor", "Unity.Collections.Editor.csproj", "{2B7C39DE-FA62-C66C-CDFA-E8C07F2A4D22}"
EndProject
Project("{FAE04EC0-301F-11D3-BF4B-00C04F79EFBC}") = "Unity.RenderPipelines.Universal.Config.Runtime", "Unity.RenderPipelines.Universal.Config.Runtime.csproj", "{38623DF0-8AEB-449D-19CD-BE28AB5C240B}"
EndProject
Project("{FAE04EC0-301F-11D3-BF4B-00C04F79EFBC}") = "Unity.RenderPipelines.ShaderGraph.ShaderGraphLibrary", "Unity.RenderPipelines.ShaderGraph.ShaderGraphLibrary.csproj", "{BFFC6D7A-CB71-4D90-1421-9BD9D5E62490}"
EndProject
Project("{FAE04EC0-301F-11D3-BF4B-00C04F79EFBC}") = "Devian.Unity.Network", "Devian.Unity.Network.csproj", "{E651C17C-4D8E-82FB-4A37-9E44CD09E533}"
EndProject
Project("{FAE04EC0-301F-11D3-BF4B-00C04F79EFBC}") = "Unity.RenderPipelines.Core.ShaderLibrary", "Unity.RenderPipelines.Core.ShaderLibrary.csproj", "{9C756D8C-1238-F33F-37AA-10DB42172B28}"
EndProject
Project("{FAE04EC0-301F-11D3-BF4B-00C04F79EFBC}") = "Unity.Timeline", "Unity.Timeline.Player.csproj", "{B205FF34-7F80-FD7B-60ED-CC0D6FBAF8E3}"
EndProject
Project("{FAE04EC0-301F-11D3-BF4B-00C04F79EFBC}") = "Unity.RenderPipelines.GPUDriven.Runtime", "Unity.RenderPipelines.GPUDriven.Runtime.Player.csproj", "{0553C431-31B4-3E5B-38FE-08235FB63DBF}"
EndProject
Project("{FAE04EC0-301F-11D3-BF4B-00C04F79EFBC}") = "Unity.RenderPipelines.Core.Runtime", "Unity.RenderPipelines.Core.Runtime.Player.csproj", "{FF336EE5-A0DB-A6BF-112F-7B2D9F3E6645}"
EndProject
Project("{FAE04EC0-301F-11D3-BF4B-00C04F79EFBC}") = "Unity.Mathematics", "Unity.Mathematics.Player.csproj", "{44D27264-218A-32BA-2A98-042375FBC045}"
EndProject
Project("{FAE04EC0-301F-11D3-BF4B-00C04F79EFBC}") = "Unity.Collections", "Unity.Collections.Player.csproj", "{8470E6EE-0D30-5C40-1FDB-B110F8586669}"
EndProject
Project("{FAE04EC0-301F-11D3-BF4B-00C04F79EFBC}") = "UnityEngine.UI", "UnityEngine.UI.Player.csproj", "{DFE31014-66FF-4B18-1838-59E887BB069D}"
EndProject
Project("{FAE04EC0-301F-11D3-BF4B-00C04F79EFBC}") = "Unity.RenderPipelines.Universal.2D.Runtime", "Unity.RenderPipelines.Universal.2D.Runtime.Player.csproj", "{C7E05375-8C69-66FB-D4BC-AB395188EF38}"
EndProject
Project("{FAE04EC0-301F-11D3-BF4B-00C04F79EFBC}") = "UnityEngine.TestRunner", "UnityEngine.TestRunner.Player.csproj", "{93F64020-ED8D-3156-9BF8-DADEC3A6B0A7}"
EndProject
Project("{FAE04EC0-301F-11D3-BF4B-00C04F79EFBC}") = "Unity.Burst", "Unity.Burst.Player.csproj", "{E26A71E4-3EC9-4351-863E-D9A70097AE6B}"
EndProject
Project("{FAE04EC0-301F-11D3-BF4B-00C04F79EFBC}") = "Unity.InputSystem", "Unity.InputSystem.Player.csproj", "{C42CEDC7-EB20-D4A0-7E40-263D9C823ADD}"
EndProject
Project("{FAE04EC0-301F-11D3-BF4B-00C04F79EFBC}") = "Devian.Unity.Common", "Devian.Unity.Common.Player.csproj", "{2008855B-F304-7199-403F-823EC8F31893}"
EndProject
Project("{FAE04EC0-301F-11D3-BF4B-00C04F79EFBC}") = "Unity.ResourceManager", "Unity.ResourceManager.Player.csproj", "{2D38A960-1800-D0AB-AFFB-557823E5A4AC}"
EndProject
Project("{FAE04EC0-301F-11D3-BF4B-00C04F79EFBC}") = "Unity.VisualScripting.Core", "Unity.VisualScripting.Core.Player.csproj", "{66074035-E8DF-052E-2AB4-AA6186B3FAC2}"
EndProject
Project("{FAE04EC0-301F-11D3-BF4B-00C04F79EFBC}") = "Unity.RenderPipelines.Universal.Runtime", "Unity.RenderPipelines.Universal.Runtime.Player.csproj", "{81A081C6-C77A-E9D6-5787-B8689DAFE7F6}"
EndProject
Project("{FAE04EC0-301F-11D3-BF4B-00C04F79EFBC}") = "Unity.UnifiedRayTracing.Runtime", "Unity.UnifiedRayTracing.Runtime.Player.csproj", "{8E933A23-EA13-64F0-41D9-1C0581DDF1BF}"
EndProject
Project("{FAE04EC0-301F-11D3-BF4B-00C04F79EFBC}") = "Unity.VisualScripting.Flow", "Unity.VisualScripting.Flow.Player.csproj", "{7DFFE043-A109-2739-6954-12DBDF0A6DE9}"
EndProject
Project("{FAE04EC0-301F-11D3-BF4B-00C04F79EFBC}") = "Unity.PerformanceTesting", "Unity.PerformanceTesting.Player.csproj", "{66C3909E-A5E2-FC7E-CA3A-AC62DEDF48C4}"
EndProject
Project("{FAE04EC0-301F-11D3-BF4B-00C04F79EFBC}") = "Unity.TextMeshPro", "Unity.TextMeshPro.Player.csproj", "{58018715-4EB0-152C-7345-D49638C84154}"
EndProject
Project("{FAE04EC0-301F-11D3-BF4B-00C04F79EFBC}") = "Devian.Module.Common", "Devian.Module.Common.Player.csproj", "{747B8B61-6317-C2F3-564C-2DA614C3E5C1}"
EndProject
Project("{FAE04EC0-301F-11D3-BF4B-00C04F79EFBC}") = "Unity.VisualScripting.State", "Unity.VisualScripting.State.Player.csproj", "{0352392E-E220-0C5A-EEA4-299477DE72CD}"
EndProject
Project("{FAE04EC0-301F-11D3-BF4B-00C04F79EFBC}") = "Devian.Protobuf", "Devian.Protobuf.Player.csproj", "{3006E4BF-CE7B-34C1-D759-61C0C72A1927}"
EndProject
Project("{FAE04EC0-301F-11D3-BF4B-00C04F79EFBC}") = "Devian.Core", "Devian.Core.Player.csproj", "{59D7EC36-ABE0-6119-559C-F7B3AD20DD9F}"
EndProject
Project("{FAE04EC0-301F-11D3-BF4B-00C04F79EFBC}") = "Unity.Multiplayer.Center.Common", "Unity.Multiplayer.Center.Common.Player.csproj", "{6116402D-3A17-648F-0F78-D0270BF7D34B}"
EndProject
Project("{FAE04EC0-301F-11D3-BF4B-00C04F79EFBC}") = "Unity.InputSystem.ForUI", "Unity.InputSystem.ForUI.Player.csproj", "{C91ECEBA-7DF7-69EF-D15A-321B8B0CF683}"
EndProject
Project("{FAE04EC0-301F-11D3-BF4B-00C04F79EFBC}") = "Unity.AI.Navigation", "Unity.AI.Navigation.Player.csproj", "{D9A2A3AC-BA35-9B09-1309-4EECD72132B7}"
EndProject
Project("{FAE04EC0-301F-11D3-BF4B-00C04F79EFBC}") = "Unity.Addressables", "Unity.Addressables.Player.csproj", "{A51EC345-ED80-2A9F-2500-8AD9425892B2}"
EndProject
Project("{FAE04EC0-301F-11D3-BF4B-00C04F79EFBC}") = "Devian.Network.Sample", "Devian.Network.Sample.Player.csproj", "{CAB2EF09-546A-437F-4036-CEFD6941476B}"
EndProject
Project("{FAE04EC0-301F-11D3-BF4B-00C04F79EFBC}") = "Unity.InputSystem.TestFramework", "Unity.InputSystem.TestFramework.Player.csproj", "{A5C4C067-B52D-401C-99E8-E749CF93D554}"
EndProject
Project("{FAE04EC0-301F-11D3-BF4B-00C04F79EFBC}") = "Devian.Network", "Devian.Network.Player.csproj", "{C93CE831-31EE-15B9-BDC6-C12E3CD2BFA1}"
EndProject
Project("{FAE04EC0-301F-11D3-BF4B-00C04F79EFBC}") = "Unity.Profiling.Core", "Unity.Profiling.Core.Player.csproj", "{9E08AA7F-A534-3581-D759-9F9D960E7642}"
EndProject
Project("{FAE04EC0-301F-11D3-BF4B-00C04F79EFBC}") = "Unity.RenderPipeline.Universal.ShaderLibrary", "Unity.RenderPipeline.Universal.ShaderLibrary.Player.csproj", "{C20AA9D1-5F44-D714-C279-F219743BD0AF}"
EndProject
Project("{FAE04EC0-301F-11D3-BF4B-00C04F79EFBC}") = "Unity.RenderPipelines.Universal.Shaders", "Unity.RenderPipelines.Universal.Shaders.Player.csproj", "{ED50F662-FDF2-2967-416D-F686F49C9F0C}"
EndProject
Project("{FAE04EC0-301F-11D3-BF4B-00C04F79EFBC}") = "Devian.Sample", "Devian.Sample.Player.csproj", "{3EE9DD03-A94A-B79E-20C1-3D0608313358}"
EndProject
Project("{FAE04EC0-301F-11D3-BF4B-00C04F79EFBC}") = "Unity.RenderPipelines.Core.Runtime.Shared", "Unity.RenderPipelines.Core.Runtime.Shared.Player.csproj", "{E8D70176-E50C-9594-C252-AF9F7F9CF539}"
EndProject
Project("{FAE04EC0-301F-11D3-BF4B-00C04F79EFBC}") = "Unity.InternalAPIEngineBridge.004", "Unity.InternalAPIEngineBridge.004.Player.csproj", "{4AB02E72-A75C-DC62-35C9-7FC9C0A5CC91}"
EndProject
Project("{FAE04EC0-301F-11D3-BF4B-00C04F79EFBC}") = "Assembly-CSharp", "Assembly-CSharp.Player.csproj", "{B444F9E6-595B-ABFD-C074-C8F9AA8BB55F}"
EndProject
Project("{FAE04EC0-301F-11D3-BF4B-00C04F79EFBC}") = "Devian.Network.Game", "Devian.Network.Game.Player.csproj", "{7DAC8DDF-1BC6-F2F2-016A-031916C18881}"
EndProject
Project("{FAE04EC0-301F-11D3-BF4B-00C04F79EFBC}") = "Unity.VisualScripting.DocCodeExamples", "Unity.VisualScripting.DocCodeExamples.Player.csproj", "{A59C3461-DD7B-2EAA-7548-FE85497E9418}"
EndProject
Project("{FAE04EC0-301F-11D3-BF4B-00C04F79EFBC}") = "Unity.ScriptableBuildPipeline", "Unity.ScriptableBuildPipeline.Player.csproj", "{B18F6E8F-04EF-AAC4-331B-4E6E47176990}"
EndProject
Project("{FAE04EC0-301F-11D3-BF4B-00C04F79EFBC}") = "Unity.RenderPipelines.Universal.Config.Runtime", "Unity.RenderPipelines.Universal.Config.Runtime.Player.csproj", "{A0F65796-5C20-7ADA-A9C9-D3A2ACEC5F7E}"
EndProject
Project("{FAE04EC0-301F-11D3-BF4B-00C04F79EFBC}") = "Unity.RenderPipelines.ShaderGraph.ShaderGraphLibrary", "Unity.RenderPipelines.ShaderGraph.ShaderGraphLibrary.Player.csproj", "{E7694518-65A4-F466-3827-49488589D577}"
EndProject
Project("{FAE04EC0-301F-11D3-BF4B-00C04F79EFBC}") = "Devian.Unity.Network", "Devian.Unity.Network.Player.csproj", "{E0E50406-BED2-333A-6314-7D4EA03D996C}"
EndProject
Project("{FAE04EC0-301F-11D3-BF4B-00C04F79EFBC}") = "Unity.RenderPipelines.Core.ShaderLibrary", "Unity.RenderPipelines.Core.ShaderLibrary.Player.csproj", "{0452AAF8-314B-0A7A-4247-05D64D466DF8}"
EndProject
Global
	GlobalSection(SolutionConfigurationPlatforms) = preSolution
		Debug|Any CPU = Debug|Any CPU
		Release|Any CPU = Release|Any CPU
	EndGlobalSection
	GlobalSection(ProjectConfigurationPlatforms) = postSolution
		{0B2A7A3C-0EC3-F45E-3113-99755B828DCF}.Debug|Any CPU.ActiveCfg = Debug|Any CPU
		{0B2A7A3C-0EC3-F45E-3113-99755B828DCF}.Debug|Any CPU.Build.0 = Debug|Any CPU
		{0B2A7A3C-0EC3-F45E-3113-99755B828DCF}.Release|Any CPU.ActiveCfg = Release|Any CPU
		{0B2A7A3C-0EC3-F45E-3113-99755B828DCF}.Release|Any CPU.Build.0 = Release|Any CPU
		{24B68198-03B6-EF82-26C1-109FB9DE920C}.Debug|Any CPU.ActiveCfg = Debug|Any CPU
		{24B68198-03B6-EF82-26C1-109FB9DE920C}.Debug|Any CPU.Build.0 = Debug|Any CPU
		{24B68198-03B6-EF82-26C1-109FB9DE920C}.Release|Any CPU.ActiveCfg = Release|Any CPU
		{24B68198-03B6-EF82-26C1-109FB9DE920C}.Release|Any CPU.Build.0 = Release|Any CPU
		{3B955328-114A-1D71-290C-D8133DF1E8ED}.Debug|Any CPU.ActiveCfg = Debug|Any CPU
		{3B955328-114A-1D71-290C-D8133DF1E8ED}.Debug|Any CPU.Build.0 = Debug|Any CPU
		{3B955328-114A-1D71-290C-D8133DF1E8ED}.Release|Any CPU.ActiveCfg = Release|Any CPU
		{3B955328-114A-1D71-290C-D8133DF1E8ED}.Release|Any CPU.Build.0 = Release|Any CPU
		{BEA03667-FF2B-692A-49D2-FB5C25F49F5B}.Debug|Any CPU.ActiveCfg = Debug|Any CPU
		{BEA03667-FF2B-692A-49D2-FB5C25F49F5B}.Debug|Any CPU.Build.0 = Debug|Any CPU
		{BEA03667-FF2B-692A-49D2-FB5C25F49F5B}.Release|Any CPU.ActiveCfg = Release|Any CPU
		{BEA03667-FF2B-692A-49D2-FB5C25F49F5B}.Release|Any CPU.Build.0 = Release|Any CPU
		{8833DE80-57CF-21B5-5061-E0D6FB2AE325}.Debug|Any CPU.ActiveCfg = Debug|Any CPU
		{8833DE80-57CF-21B5-5061-E0D6FB2AE325}.Debug|Any CPU.Build.0 = Debug|Any CPU
		{8833DE80-57CF-21B5-5061-E0D6FB2AE325}.Release|Any CPU.ActiveCfg = Release|Any CPU
		{8833DE80-57CF-21B5-5061-E0D6FB2AE325}.Release|Any CPU.Build.0 = Release|Any CPU
		{19129F34-9436-30AD-F17A-3E0EC9C3DED2}.Debug|Any CPU.ActiveCfg = Debug|Any CPU
		{19129F34-9436-30AD-F17A-3E0EC9C3DED2}.Debug|Any CPU.Build.0 = Debug|Any CPU
		{19129F34-9436-30AD-F17A-3E0EC9C3DED2}.Release|Any CPU.ActiveCfg = Release|Any CPU
		{19129F34-9436-30AD-F17A-3E0EC9C3DED2}.Release|Any CPU.Build.0 = Release|Any CPU
		{DD1A82C3-C9D1-02E5-3089-D640CB3DA299}.Debug|Any CPU.ActiveCfg = Debug|Any CPU
		{DD1A82C3-C9D1-02E5-3089-D640CB3DA299}.Debug|Any CPU.Build.0 = Debug|Any CPU
		{DD1A82C3-C9D1-02E5-3089-D640CB3DA299}.Release|Any CPU.ActiveCfg = Release|Any CPU
		{DD1A82C3-C9D1-02E5-3089-D640CB3DA299}.Release|Any CPU.Build.0 = Release|Any CPU
		{F7646E95-E4A8-C177-86D4-E228D80DE15D}.Debug|Any CPU.ActiveCfg = Debug|Any CPU
		{F7646E95-E4A8-C177-86D4-E228D80DE15D}.Debug|Any CPU.Build.0 = Debug|Any CPU
		{F7646E95-E4A8-C177-86D4-E228D80DE15D}.Release|Any CPU.ActiveCfg = Release|Any CPU
		{F7646E95-E4A8-C177-86D4-E228D80DE15D}.Release|Any CPU.Build.0 = Release|Any CPU
		{EF9E40E2-3CEC-478C-106D-38F919EB13AD}.Debug|Any CPU.ActiveCfg = Debug|Any CPU
		{EF9E40E2-3CEC-478C-106D-38F919EB13AD}.Debug|Any CPU.Build.0 = Debug|Any CPU
		{EF9E40E2-3CEC-478C-106D-38F919EB13AD}.Release|Any CPU.ActiveCfg = Release|Any CPU
		{EF9E40E2-3CEC-478C-106D-38F919EB13AD}.Release|Any CPU.Build.0 = Release|Any CPU
		{44A93BA3-99D4-0E58-152D-4DEA5527805E}.Debug|Any CPU.ActiveCfg = Debug|Any CPU
		{44A93BA3-99D4-0E58-152D-4DEA5527805E}.Debug|Any CPU.Build.0 = Debug|Any CPU
		{44A93BA3-99D4-0E58-152D-4DEA5527805E}.Release|Any CPU.ActiveCfg = Release|Any CPU
		{44A93BA3-99D4-0E58-152D-4DEA5527805E}.Release|Any CPU.Build.0 = Release|Any CPU
		{80EF44D5-120B-AE3F-7B53-38BFA0D0D972}.Debug|Any CPU.ActiveCfg = Debug|Any CPU
		{80EF44D5-120B-AE3F-7B53-38BFA0D0D972}.Debug|Any CPU.Build.0 = Debug|Any CPU
		{80EF44D5-120B-AE3F-7B53-38BFA0D0D972}.Release|Any CPU.ActiveCfg = Release|Any CPU
		{80EF44D5-120B-AE3F-7B53-38BFA0D0D972}.Release|Any CPU.Build.0 = Release|Any CPU
		{60CC3C3D-1C34-9DF7-8E21-FBD6EEEEE24C}.Debug|Any CPU.ActiveCfg = Debug|Any CPU
		{60CC3C3D-1C34-9DF7-8E21-FBD6EEEEE24C}.Debug|Any CPU.Build.0 = Debug|Any CPU
		{60CC3C3D-1C34-9DF7-8E21-FBD6EEEEE24C}.Release|Any CPU.ActiveCfg = Release|Any CPU
		{60CC3C3D-1C34-9DF7-8E21-FBD6EEEEE24C}.Release|Any CPU.Build.0 = Release|Any CPU
		{922FAF9B-7134-6416-A390-380AF57D7CA3}.Debug|Any CPU.ActiveCfg = Debug|Any CPU
		{922FAF9B-7134-6416-A390-380AF57D7CA3}.Debug|Any CPU.Build.0 = Debug|Any CPU
		{922FAF9B-7134-6416-A390-380AF57D7CA3}.Release|Any CPU.ActiveCfg = Release|Any CPU
		{922FAF9B-7134-6416-A390-380AF57D7CA3}.Release|Any CPU.Build.0 = Release|Any CPU
		{3A6ECBF3-1251-065A-D3B5-4F3C26983ABD}.Debug|Any CPU.ActiveCfg = Debug|Any CPU
		{3A6ECBF3-1251-065A-D3B5-4F3C26983ABD}.Debug|Any CPU.Build.0 = Debug|Any CPU
		{3A6ECBF3-1251-065A-D3B5-4F3C26983ABD}.Release|Any CPU.ActiveCfg = Release|Any CPU
		{3A6ECBF3-1251-065A-D3B5-4F3C26983ABD}.Release|Any CPU.Build.0 = Release|Any CPU
		{254D95F1-F66F-5365-1B9C-A4737D2CF318}.Debug|Any CPU.ActiveCfg = Debug|Any CPU
		{254D95F1-F66F-5365-1B9C-A4737D2CF318}.Debug|Any CPU.Build.0 = Debug|Any CPU
		{254D95F1-F66F-5365-1B9C-A4737D2CF318}.Release|Any CPU.ActiveCfg = Release|Any CPU
		{254D95F1-F66F-5365-1B9C-A4737D2CF318}.Release|Any CPU.Build.0 = Release|Any CPU
		{AB8A3793-E169-66DB-47AA-B7A349FEC5E7}.Debug|Any CPU.ActiveCfg = Debug|Any CPU
		{AB8A3793-E169-66DB-47AA-B7A349FEC5E7}.Debug|Any CPU.Build.0 = Debug|Any CPU
		{AB8A3793-E169-66DB-47AA-B7A349FEC5E7}.Release|Any CPU.ActiveCfg = Release|Any CPU
		{AB8A3793-E169-66DB-47AA-B7A349FEC5E7}.Release|Any CPU.Build.0 = Release|Any CPU
		{824FE65D-2C14-7B8E-DB4D-BBB1B5BF6E84}.Debug|Any CPU.ActiveCfg = Debug|Any CPU
		{824FE65D-2C14-7B8E-DB4D-BBB1B5BF6E84}.Debug|Any CPU.Build.0 = Debug|Any CPU
		{824FE65D-2C14-7B8E-DB4D-BBB1B5BF6E84}.Release|Any CPU.ActiveCfg = Release|Any CPU
		{824FE65D-2C14-7B8E-DB4D-BBB1B5BF6E84}.Release|Any CPU.Build.0 = Release|Any CPU
		{7178AA5C-1D30-92C7-6F8C-6C98CB1CC73A}.Debug|Any CPU.ActiveCfg = Debug|Any CPU
		{7178AA5C-1D30-92C7-6F8C-6C98CB1CC73A}.Debug|Any CPU.Build.0 = Debug|Any CPU
		{7178AA5C-1D30-92C7-6F8C-6C98CB1CC73A}.Release|Any CPU.ActiveCfg = Release|Any CPU
		{7178AA5C-1D30-92C7-6F8C-6C98CB1CC73A}.Release|Any CPU.Build.0 = Release|Any CPU
		{01FDF9B8-559B-997E-33A2-749A31BB885A}.Debug|Any CPU.ActiveCfg = Debug|Any CPU
		{01FDF9B8-559B-997E-33A2-749A31BB885A}.Debug|Any CPU.Build.0 = Debug|Any CPU
		{01FDF9B8-559B-997E-33A2-749A31BB885A}.Release|Any CPU.ActiveCfg = Release|Any CPU
		{01FDF9B8-559B-997E-33A2-749A31BB885A}.Release|Any CPU.Build.0 = Release|Any CPU
		{74DA09FD-7F87-77CD-FE7B-C7F5F4E1F0F8}.Debug|Any CPU.ActiveCfg = Debug|Any CPU
		{74DA09FD-7F87-77CD-FE7B-C7F5F4E1F0F8}.Debug|Any CPU.Build.0 = Debug|Any CPU
		{74DA09FD-7F87-77CD-FE7B-C7F5F4E1F0F8}.Release|Any CPU.ActiveCfg = Release|Any CPU
		{74DA09FD-7F87-77CD-FE7B-C7F5F4E1F0F8}.Release|Any CPU.Build.0 = Release|Any CPU
		{F9C4FD40-5E40-3D05-0497-92122C5F3AFF}.Debug|Any CPU.ActiveCfg = Debug|Any CPU
		{F9C4FD40-5E40-3D05-0497-92122C5F3AFF}.Debug|Any CPU.Build.0 = Debug|Any CPU
		{F9C4FD40-5E40-3D05-0497-92122C5F3AFF}.Release|Any CPU.ActiveCfg = Release|Any CPU
		{F9C4FD40-5E40-3D05-0497-92122C5F3AFF}.Release|Any CPU.Build.0 = Release|Any CPU
		{07C8CE48-6178-867C-2603-83C857DF5DBF}.Debug|Any CPU.ActiveCfg = Debug|Any CPU
		{07C8CE48-6178-867C-2603-83C857DF5DBF}.Debug|Any CPU.Build.0 = Debug|Any CPU
		{07C8CE48-6178-867C-2603-83C857DF5DBF}.Release|Any CPU.ActiveCfg = Release|Any CPU
		{07C8CE48-6178-867C-2603-83C857DF5DBF}.Release|Any CPU.Build.0 = Release|Any CPU
		{0501A597-946E-F1AE-1BC9-3178AA6A2832}.Debug|Any CPU.ActiveCfg = Debug|Any CPU
		{0501A597-946E-F1AE-1BC9-3178AA6A2832}.Debug|Any CPU.Build.0 = Debug|Any CPU
		{0501A597-946E-F1AE-1BC9-3178AA6A2832}.Release|Any CPU.ActiveCfg = Release|Any CPU
		{0501A597-946E-F1AE-1BC9-3178AA6A2832}.Release|Any CPU.Build.0 = Release|Any CPU
		{8128504E-ACF8-CF1E-7E40-F82A788D314F}.Debug|Any CPU.ActiveCfg = Debug|Any CPU
		{8128504E-ACF8-CF1E-7E40-F82A788D314F}.Debug|Any CPU.Build.0 = Debug|Any CPU
		{8128504E-ACF8-CF1E-7E40-F82A788D314F}.Release|Any CPU.ActiveCfg = Release|Any CPU
		{8128504E-ACF8-CF1E-7E40-F82A788D314F}.Release|Any CPU.Build.0 = Release|Any CPU
		{3750D0AB-C9AA-4E0C-99D7-7F1D6D32B07A}.Debug|Any CPU.ActiveCfg = Debug|Any CPU
		{3750D0AB-C9AA-4E0C-99D7-7F1D6D32B07A}.Debug|Any CPU.Build.0 = Debug|Any CPU
		{3750D0AB-C9AA-4E0C-99D7-7F1D6D32B07A}.Release|Any CPU.ActiveCfg = Release|Any CPU
		{3750D0AB-C9AA-4E0C-99D7-7F1D6D32B07A}.Release|Any CPU.Build.0 = Release|Any CPU
		{BC1144F5-454A-1267-4A97-D38AFD3A4FDA}.Debug|Any CPU.ActiveCfg = Debug|Any CPU
		{BC1144F5-454A-1267-4A97-D38AFD3A4FDA}.Debug|Any CPU.Build.0 = Debug|Any CPU
		{BC1144F5-454A-1267-4A97-D38AFD3A4FDA}.Release|Any CPU.ActiveCfg = Release|Any CPU
		{BC1144F5-454A-1267-4A97-D38AFD3A4FDA}.Release|Any CPU.Build.0 = Release|Any CPU
		{159AF643-8F6E-C875-01A7-227ABB151E40}.Debug|Any CPU.ActiveCfg = Debug|Any CPU
		{159AF643-8F6E-C875-01A7-227ABB151E40}.Debug|Any CPU.Build.0 = Debug|Any CPU
		{159AF643-8F6E-C875-01A7-227ABB151E40}.Release|Any CPU.ActiveCfg = Release|Any CPU
		{159AF643-8F6E-C875-01A7-227ABB151E40}.Release|Any CPU.Build.0 = Release|Any CPU
		{6FDF1154-8B3D-F70A-656D-D65C417FBD1A}.Debug|Any CPU.ActiveCfg = Debug|Any CPU
		{6FDF1154-8B3D-F70A-656D-D65C417FBD1A}.Debug|Any CPU.Build.0 = Debug|Any CPU
		{6FDF1154-8B3D-F70A-656D-D65C417FBD1A}.Release|Any CPU.ActiveCfg = Release|Any CPU
		{6FDF1154-8B3D-F70A-656D-D65C417FBD1A}.Release|Any CPU.Build.0 = Release|Any CPU
		{697DD243-2160-FD46-8E4D-3D74082761D6}.Debug|Any CPU.ActiveCfg = Debug|Any CPU
		{697DD243-2160-FD46-8E4D-3D74082761D6}.Debug|Any CPU.Build.0 = Debug|Any CPU
		{697DD243-2160-FD46-8E4D-3D74082761D6}.Release|Any CPU.ActiveCfg = Release|Any CPU
		{697DD243-2160-FD46-8E4D-3D74082761D6}.Release|Any CPU.Build.0 = Release|Any CPU
		{D1B71C36-BE89-4137-8A20-FC6A3AE16CC0}.Debug|Any CPU.ActiveCfg = Debug|Any CPU
		{D1B71C36-BE89-4137-8A20-FC6A3AE16CC0}.Debug|Any CPU.Build.0 = Debug|Any CPU
		{D1B71C36-BE89-4137-8A20-FC6A3AE16CC0}.Release|Any CPU.ActiveCfg = Release|Any CPU
		{D1B71C36-BE89-4137-8A20-FC6A3AE16CC0}.Release|Any CPU.Build.0 = Release|Any CPU
		{747CD831-FB24-9CF1-4205-22BC33252C7E}.Debug|Any CPU.ActiveCfg = Debug|Any CPU
		{747CD831-FB24-9CF1-4205-22BC33252C7E}.Debug|Any CPU.Build.0 = Debug|Any CPU
		{747CD831-FB24-9CF1-4205-22BC33252C7E}.Release|Any CPU.ActiveCfg = Release|Any CPU
		{747CD831-FB24-9CF1-4205-22BC33252C7E}.Release|Any CPU.Build.0 = Release|Any CPU
		{0F7D8F63-41D5-5C8D-2767-7554E3E9B8EA}.Debug|Any CPU.ActiveCfg = Debug|Any CPU
		{0F7D8F63-41D5-5C8D-2767-7554E3E9B8EA}.Debug|Any CPU.Build.0 = Debug|Any CPU
		{0F7D8F63-41D5-5C8D-2767-7554E3E9B8EA}.Release|Any CPU.ActiveCfg = Release|Any CPU
		{0F7D8F63-41D5-5C8D-2767-7554E3E9B8EA}.Release|Any CPU.Build.0 = Release|Any CPU
		{2D44477F-C331-9424-4441-7D7EC633FC8D}.Debug|Any CPU.ActiveCfg = Debug|Any CPU
		{2D44477F-C331-9424-4441-7D7EC633FC8D}.Debug|Any CPU.Build.0 = Debug|Any CPU
		{2D44477F-C331-9424-4441-7D7EC633FC8D}.Release|Any CPU.ActiveCfg = Release|Any CPU
		{2D44477F-C331-9424-4441-7D7EC633FC8D}.Release|Any CPU.Build.0 = Release|Any CPU
		{34DC5748-8495-29E5-3CDB-64F2451250EF}.Debug|Any CPU.ActiveCfg = Debug|Any CPU
		{34DC5748-8495-29E5-3CDB-64F2451250EF}.Debug|Any CPU.Build.0 = Debug|Any CPU
		{34DC5748-8495-29E5-3CDB-64F2451250EF}.Release|Any CPU.ActiveCfg = Release|Any CPU
		{34DC5748-8495-29E5-3CDB-64F2451250EF}.Release|Any CPU.Build.0 = Release|Any CPU
		{C0D16D32-2363-BC3B-54AE-A21AB56D5EF9}.Debug|Any CPU.ActiveCfg = Debug|Any CPU
		{C0D16D32-2363-BC3B-54AE-A21AB56D5EF9}.Debug|Any CPU.Build.0 = Debug|Any CPU
		{C0D16D32-2363-BC3B-54AE-A21AB56D5EF9}.Release|Any CPU.ActiveCfg = Release|Any CPU
		{C0D16D32-2363-BC3B-54AE-A21AB56D5EF9}.Release|Any CPU.Build.0 = Release|Any CPU
		{76BD9E8D-8398-2056-C9F3-1C9C5FF30F00}.Debug|Any CPU.ActiveCfg = Debug|Any CPU
		{76BD9E8D-8398-2056-C9F3-1C9C5FF30F00}.Debug|Any CPU.Build.0 = Debug|Any CPU
		{76BD9E8D-8398-2056-C9F3-1C9C5FF30F00}.Release|Any CPU.ActiveCfg = Release|Any CPU
		{76BD9E8D-8398-2056-C9F3-1C9C5FF30F00}.Release|Any CPU.Build.0 = Release|Any CPU
		{2A45B19C-8264-D946-FAC7-F45EDC2B5D31}.Debug|Any CPU.ActiveCfg = Debug|Any CPU
		{2A45B19C-8264-D946-FAC7-F45EDC2B5D31}.Debug|Any CPU.Build.0 = Debug|Any CPU
		{2A45B19C-8264-D946-FAC7-F45EDC2B5D31}.Release|Any CPU.ActiveCfg = Release|Any CPU
		{2A45B19C-8264-D946-FAC7-F45EDC2B5D31}.Release|Any CPU.Build.0 = Release|Any CPU
		{1C64138F-AE50-81D3-5FD2-8A87FC93AF33}.Debug|Any CPU.ActiveCfg = Debug|Any CPU
		{1C64138F-AE50-81D3-5FD2-8A87FC93AF33}.Debug|Any CPU.Build.0 = Debug|Any CPU
		{1C64138F-AE50-81D3-5FD2-8A87FC93AF33}.Release|Any CPU.ActiveCfg = Release|Any CPU
		{1C64138F-AE50-81D3-5FD2-8A87FC93AF33}.Release|Any CPU.Build.0 = Release|Any CPU
		{9B3918C4-C8C9-8AA6-1145-7F57CF42B28C}.Debug|Any CPU.ActiveCfg = Debug|Any CPU
		{9B3918C4-C8C9-8AA6-1145-7F57CF42B28C}.Debug|Any CPU.Build.0 = Debug|Any CPU
		{9B3918C4-C8C9-8AA6-1145-7F57CF42B28C}.Release|Any CPU.ActiveCfg = Release|Any CPU
		{9B3918C4-C8C9-8AA6-1145-7F57CF42B28C}.Release|Any CPU.Build.0 = Release|Any CPU
		{025FD270-8163-5D38-3AB8-C3DEB19200E3}.Debug|Any CPU.ActiveCfg = Debug|Any CPU
		{025FD270-8163-5D38-3AB8-C3DEB19200E3}.Debug|Any CPU.Build.0 = Debug|Any CPU
		{025FD270-8163-5D38-3AB8-C3DEB19200E3}.Release|Any CPU.ActiveCfg = Release|Any CPU
		{025FD270-8163-5D38-3AB8-C3DEB19200E3}.Release|Any CPU.Build.0 = Release|Any CPU
		{CA03519C-9602-DD4A-27E4-DB22349DFA76}.Debug|Any CPU.ActiveCfg = Debug|Any CPU
		{CA03519C-9602-DD4A-27E4-DB22349DFA76}.Debug|Any CPU.Build.0 = Debug|Any CPU
		{CA03519C-9602-DD4A-27E4-DB22349DFA76}.Release|Any CPU.ActiveCfg = Release|Any CPU
		{CA03519C-9602-DD4A-27E4-DB22349DFA76}.Release|Any CPU.Build.0 = Release|Any CPU
		{D06CE759-6D28-6D98-EB9E-D54FA3B6BD38}.Debug|Any CPU.ActiveCfg = Debug|Any CPU
		{D06CE759-6D28-6D98-EB9E-D54FA3B6BD38}.Debug|Any CPU.Build.0 = Debug|Any CPU
		{D06CE759-6D28-6D98-EB9E-D54FA3B6BD38}.Release|Any CPU.ActiveCfg = Release|Any CPU
		{D06CE759-6D28-6D98-EB9E-D54FA3B6BD38}.Release|Any CPU.Build.0 = Release|Any CPU
		{2040ECE0-5247-D84C-E80A-E1095DEF3F2B}.Debug|Any CPU.ActiveCfg = Debug|Any CPU
		{2040ECE0-5247-D84C-E80A-E1095DEF3F2B}.Debug|Any CPU.Build.0 = Debug|Any CPU
		{2040ECE0-5247-D84C-E80A-E1095DEF3F2B}.Release|Any CPU.ActiveCfg = Release|Any CPU
		{2040ECE0-5247-D84C-E80A-E1095DEF3F2B}.Release|Any CPU.Build.0 = Release|Any CPU
		{6A2C1AFF-9E9A-271E-6D36-6B8D584DF6ED}.Debug|Any CPU.ActiveCfg = Debug|Any CPU
		{6A2C1AFF-9E9A-271E-6D36-6B8D584DF6ED}.Debug|Any CPU.Build.0 = Debug|Any CPU
		{6A2C1AFF-9E9A-271E-6D36-6B8D584DF6ED}.Release|Any CPU.ActiveCfg = Release|Any CPU
		{6A2C1AFF-9E9A-271E-6D36-6B8D584DF6ED}.Release|Any CPU.Build.0 = Release|Any CPU
		{34CFFD3A-3421-F37B-597B-DA3F3E8E843E}.Debug|Any CPU.ActiveCfg = Debug|Any CPU
		{34CFFD3A-3421-F37B-597B-DA3F3E8E843E}.Debug|Any CPU.Build.0 = Debug|Any CPU
		{34CFFD3A-3421-F37B-597B-DA3F3E8E843E}.Release|Any CPU.ActiveCfg = Release|Any CPU
		{34CFFD3A-3421-F37B-597B-DA3F3E8E843E}.Release|Any CPU.Build.0 = Release|Any CPU
		{BBAA3119-7F51-19DC-43E2-F226169AF535}.Debug|Any CPU.ActiveCfg = Debug|Any CPU
		{BBAA3119-7F51-19DC-43E2-F226169AF535}.Debug|Any CPU.Build.0 = Debug|Any CPU
		{BBAA3119-7F51-19DC-43E2-F226169AF535}.Release|Any CPU.ActiveCfg = Release|Any CPU
		{BBAA3119-7F51-19DC-43E2-F226169AF535}.Release|Any CPU.Build.0 = Release|Any CPU
		{1F6C3922-5DD9-CEFA-3B7E-A7BC250BCE3C}.Debug|Any CPU.ActiveCfg = Debug|Any CPU
		{1F6C3922-5DD9-CEFA-3B7E-A7BC250BCE3C}.Debug|Any CPU.Build.0 = Debug|Any CPU
		{1F6C3922-5DD9-CEFA-3B7E-A7BC250BCE3C}.Release|Any CPU.ActiveCfg = Release|Any CPU
		{1F6C3922-5DD9-CEFA-3B7E-A7BC250BCE3C}.Release|Any CPU.Build.0 = Release|Any CPU
		{BE59D257-BCE4-3EFD-A48C-4F1B1BAB05B5}.Debug|Any CPU.ActiveCfg = Debug|Any CPU
		{BE59D257-BCE4-3EFD-A48C-4F1B1BAB05B5}.Debug|Any CPU.Build.0 = Debug|Any CPU
		{BE59D257-BCE4-3EFD-A48C-4F1B1BAB05B5}.Release|Any CPU.ActiveCfg = Release|Any CPU
		{BE59D257-BCE4-3EFD-A48C-4F1B1BAB05B5}.Release|Any CPU.Build.0 = Release|Any CPU
		{C039A0AA-D1C3-373C-B439-E97985E0D818}.Debug|Any CPU.ActiveCfg = Debug|Any CPU
		{C039A0AA-D1C3-373C-B439-E97985E0D818}.Debug|Any CPU.Build.0 = Debug|Any CPU
		{C039A0AA-D1C3-373C-B439-E97985E0D818}.Release|Any CPU.ActiveCfg = Release|Any CPU
		{C039A0AA-D1C3-373C-B439-E97985E0D818}.Release|Any CPU.Build.0 = Release|Any CPU
		{6D6E24A4-C77B-D79D-3431-64DF767B4730}.Debug|Any CPU.ActiveCfg = Debug|Any CPU
		{6D6E24A4-C77B-D79D-3431-64DF767B4730}.Debug|Any CPU.Build.0 = Debug|Any CPU
		{6D6E24A4-C77B-D79D-3431-64DF767B4730}.Release|Any CPU.ActiveCfg = Release|Any CPU
		{6D6E24A4-C77B-D79D-3431-64DF767B4730}.Release|Any CPU.Build.0 = Release|Any CPU
		{F3F2338E-5B2C-8342-C281-F31B3BEB5226}.Debug|Any CPU.ActiveCfg = Debug|Any CPU
		{F3F2338E-5B2C-8342-C281-F31B3BEB5226}.Debug|Any CPU.Build.0 = Debug|Any CPU
		{F3F2338E-5B2C-8342-C281-F31B3BEB5226}.Release|Any CPU.ActiveCfg = Release|Any CPU
		{F3F2338E-5B2C-8342-C281-F31B3BEB5226}.Release|Any CPU.Build.0 = Release|Any CPU
		{8094E527-D75F-D6D7-689D-94A7E7C37CF7}.Debug|Any CPU.ActiveCfg = Debug|Any CPU
		{8094E527-D75F-D6D7-689D-94A7E7C37CF7}.Debug|Any CPU.Build.0 = Debug|Any CPU
		{8094E527-D75F-D6D7-689D-94A7E7C37CF7}.Release|Any CPU.ActiveCfg = Release|Any CPU
		{8094E527-D75F-D6D7-689D-94A7E7C37CF7}.Release|Any CPU.Build.0 = Release|Any CPU
		{03B2120B-D633-8E82-7F4C-719C004CE9A2}.Debug|Any CPU.ActiveCfg = Debug|Any CPU
		{03B2120B-D633-8E82-7F4C-719C004CE9A2}.Debug|Any CPU.Build.0 = Debug|Any CPU
		{03B2120B-D633-8E82-7F4C-719C004CE9A2}.Release|Any CPU.ActiveCfg = Release|Any CPU
		{03B2120B-D633-8E82-7F4C-719C004CE9A2}.Release|Any CPU.Build.0 = Release|Any CPU
		{A41FBED1-84E8-FF79-54BA-4D656D3E6B93}.Debug|Any CPU.ActiveCfg = Debug|Any CPU
		{A41FBED1-84E8-FF79-54BA-4D656D3E6B93}.Debug|Any CPU.Build.0 = Debug|Any CPU
		{A41FBED1-84E8-FF79-54BA-4D656D3E6B93}.Release|Any CPU.ActiveCfg = Release|Any CPU
		{A41FBED1-84E8-FF79-54BA-4D656D3E6B93}.Release|Any CPU.Build.0 = Release|Any CPU
		{E56C3396-852E-68F6-072A-9AEE4D51216F}.Debug|Any CPU.ActiveCfg = Debug|Any CPU
		{E56C3396-852E-68F6-072A-9AEE4D51216F}.Debug|Any CPU.Build.0 = Debug|Any CPU
		{E56C3396-852E-68F6-072A-9AEE4D51216F}.Release|Any CPU.ActiveCfg = Release|Any CPU
		{E56C3396-852E-68F6-072A-9AEE4D51216F}.Release|Any CPU.Build.0 = Release|Any CPU
		{AEE6585A-5C03-F2CE-69AD-D80347FDCC15}.Debug|Any CPU.ActiveCfg = Debug|Any CPU
		{AEE6585A-5C03-F2CE-69AD-D80347FDCC15}.Debug|Any CPU.Build.0 = Debug|Any CPU
		{AEE6585A-5C03-F2CE-69AD-D80347FDCC15}.Release|Any CPU.ActiveCfg = Release|Any CPU
		{AEE6585A-5C03-F2CE-69AD-D80347FDCC15}.Release|Any CPU.Build.0 = Release|Any CPU
		{6612ABD6-694F-C682-B630-48CA84B54A99}.Debug|Any CPU.ActiveCfg = Debug|Any CPU
		{6612ABD6-694F-C682-B630-48CA84B54A99}.Debug|Any CPU.Build.0 = Debug|Any CPU
		{6612ABD6-694F-C682-B630-48CA84B54A99}.Release|Any CPU.ActiveCfg = Release|Any CPU
		{6612ABD6-694F-C682-B630-48CA84B54A99}.Release|Any CPU.Build.0 = Release|Any CPU
		{1DCC3322-2022-1746-9892-F5A54500C735}.Debug|Any CPU.ActiveCfg = Debug|Any CPU
		{1DCC3322-2022-1746-9892-F5A54500C735}.Debug|Any CPU.Build.0 = Debug|Any CPU
		{1DCC3322-2022-1746-9892-F5A54500C735}.Release|Any CPU.ActiveCfg = Release|Any CPU
		{1DCC3322-2022-1746-9892-F5A54500C735}.Release|Any CPU.Build.0 = Release|Any CPU
		{89449CB5-82F9-23E6-51B4-C8CC56FA0D62}.Debug|Any CPU.ActiveCfg = Debug|Any CPU
		{89449CB5-82F9-23E6-51B4-C8CC56FA0D62}.Debug|Any CPU.Build.0 = Debug|Any CPU
		{89449CB5-82F9-23E6-51B4-C8CC56FA0D62}.Release|Any CPU.ActiveCfg = Release|Any CPU
		{89449CB5-82F9-23E6-51B4-C8CC56FA0D62}.Release|Any CPU.Build.0 = Release|Any CPU
		{852CD970-C2EE-44C6-486A-2D8BFC78E127}.Debug|Any CPU.ActiveCfg = Debug|Any CPU
		{852CD970-C2EE-44C6-486A-2D8BFC78E127}.Debug|Any CPU.Build.0 = Debug|Any CPU
		{852CD970-C2EE-44C6-486A-2D8BFC78E127}.Release|Any CPU.ActiveCfg = Release|Any CPU
		{852CD970-C2EE-44C6-486A-2D8BFC78E127}.Release|Any CPU.Build.0 = Release|Any CPU
		{0692BF0C-3E2F-E41E-1F6C-4840089CEBAB}.Debug|Any CPU.ActiveCfg = Debug|Any CPU
		{0692BF0C-3E2F-E41E-1F6C-4840089CEBAB}.Debug|Any CPU.Build.0 = Debug|Any CPU
		{0692BF0C-3E2F-E41E-1F6C-4840089CEBAB}.Release|Any CPU.ActiveCfg = Release|Any CPU
		{0692BF0C-3E2F-E41E-1F6C-4840089CEBAB}.Release|Any CPU.Build.0 = Release|Any CPU
		{BA233111-C828-0A83-8951-CAD8BDC5047A}.Debug|Any CPU.ActiveCfg = Debug|Any CPU
		{BA233111-C828-0A83-8951-CAD8BDC5047A}.Debug|Any CPU.Build.0 = Debug|Any CPU
		{BA233111-C828-0A83-8951-CAD8BDC5047A}.Release|Any CPU.ActiveCfg = Release|Any CPU
		{BA233111-C828-0A83-8951-CAD8BDC5047A}.Release|Any CPU.Build.0 = Release|Any CPU
		{7EEF047F-69D3-4CF9-8C83-7267AAFCB838}.Debug|Any CPU.ActiveCfg = Debug|Any CPU
		{7EEF047F-69D3-4CF9-8C83-7267AAFCB838}.Debug|Any CPU.Build.0 = Debug|Any CPU
		{7EEF047F-69D3-4CF9-8C83-7267AAFCB838}.Release|Any CPU.ActiveCfg = Release|Any CPU
		{7EEF047F-69D3-4CF9-8C83-7267AAFCB838}.Release|Any CPU.Build.0 = Release|Any CPU
		{14BA3A4C-6465-9554-DA42-EB1EA8409819}.Debug|Any CPU.ActiveCfg = Debug|Any CPU
		{14BA3A4C-6465-9554-DA42-EB1EA8409819}.Debug|Any CPU.Build.0 = Debug|Any CPU
		{14BA3A4C-6465-9554-DA42-EB1EA8409819}.Release|Any CPU.ActiveCfg = Release|Any CPU
		{14BA3A4C-6465-9554-DA42-EB1EA8409819}.Release|Any CPU.Build.0 = Release|Any CPU
		{30BD86ED-781A-F5D6-B776-4D6FD338E610}.Debug|Any CPU.ActiveCfg = Debug|Any CPU
		{30BD86ED-781A-F5D6-B776-4D6FD338E610}.Debug|Any CPU.Build.0 = Debug|Any CPU
		{30BD86ED-781A-F5D6-B776-4D6FD338E610}.Release|Any CPU.ActiveCfg = Release|Any CPU
		{30BD86ED-781A-F5D6-B776-4D6FD338E610}.Release|Any CPU.Build.0 = Release|Any CPU
		{E4236532-0340-C1CB-9CCE-40D9A36BDE1A}.Debug|Any CPU.ActiveCfg = Debug|Any CPU
		{E4236532-0340-C1CB-9CCE-40D9A36BDE1A}.Debug|Any CPU.Build.0 = Debug|Any CPU
		{E4236532-0340-C1CB-9CCE-40D9A36BDE1A}.Release|Any CPU.ActiveCfg = Release|Any CPU
		{E4236532-0340-C1CB-9CCE-40D9A36BDE1A}.Release|Any CPU.Build.0 = Release|Any CPU
		{D532BBF8-6BE5-27B4-E6A4-730D20577170}.Debug|Any CPU.ActiveCfg = Debug|Any CPU
		{D532BBF8-6BE5-27B4-E6A4-730D20577170}.Debug|Any CPU.Build.0 = Debug|Any CPU
		{D532BBF8-6BE5-27B4-E6A4-730D20577170}.Release|Any CPU.ActiveCfg = Release|Any CPU
		{D532BBF8-6BE5-27B4-E6A4-730D20577170}.Release|Any CPU.Build.0 = Release|Any CPU
		{A567105F-B505-A358-4D70-DFE43B501C30}.Debug|Any CPU.ActiveCfg = Debug|Any CPU
		{A567105F-B505-A358-4D70-DFE43B501C30}.Debug|Any CPU.Build.0 = Debug|Any CPU
		{A567105F-B505-A358-4D70-DFE43B501C30}.Release|Any CPU.ActiveCfg = Release|Any CPU
		{A567105F-B505-A358-4D70-DFE43B501C30}.Release|Any CPU.Build.0 = Release|Any CPU
		{1B9CC5A5-1B05-8F23-4017-32D6215E0134}.Debug|Any CPU.ActiveCfg = Debug|Any CPU
		{1B9CC5A5-1B05-8F23-4017-32D6215E0134}.Debug|Any CPU.Build.0 = Debug|Any CPU
		{1B9CC5A5-1B05-8F23-4017-32D6215E0134}.Release|Any CPU.ActiveCfg = Release|Any CPU
		{1B9CC5A5-1B05-8F23-4017-32D6215E0134}.Release|Any CPU.Build.0 = Release|Any CPU
		{A416F2DF-F183-63FA-B7FB-364FC706003F}.Debug|Any CPU.ActiveCfg = Debug|Any CPU
		{A416F2DF-F183-63FA-B7FB-364FC706003F}.Debug|Any CPU.Build.0 = Debug|Any CPU
		{A416F2DF-F183-63FA-B7FB-364FC706003F}.Release|Any CPU.ActiveCfg = Release|Any CPU
		{A416F2DF-F183-63FA-B7FB-364FC706003F}.Release|Any CPU.Build.0 = Release|Any CPU
		{11CA8795-FC34-230B-D451-64C65876E8DD}.Debug|Any CPU.ActiveCfg = Debug|Any CPU
		{11CA8795-FC34-230B-D451-64C65876E8DD}.Debug|Any CPU.Build.0 = Debug|Any CPU
		{11CA8795-FC34-230B-D451-64C65876E8DD}.Release|Any CPU.ActiveCfg = Release|Any CPU
		{11CA8795-FC34-230B-D451-64C65876E8DD}.Release|Any CPU.Build.0 = Release|Any CPU
		{CE6CC3C3-EFD9-8291-FB5C-9EC14965F3E8}.Debug|Any CPU.ActiveCfg = Debug|Any CPU
		{CE6CC3C3-EFD9-8291-FB5C-9EC14965F3E8}.Debug|Any CPU.Build.0 = Debug|Any CPU
		{CE6CC3C3-EFD9-8291-FB5C-9EC14965F3E8}.Release|Any CPU.ActiveCfg = Release|Any CPU
		{CE6CC3C3-EFD9-8291-FB5C-9EC14965F3E8}.Release|Any CPU.Build.0 = Release|Any CPU
		{21DD2A20-BE57-EA61-E1E4-70BAD8BF8A5A}.Debug|Any CPU.ActiveCfg = Debug|Any CPU
		{21DD2A20-BE57-EA61-E1E4-70BAD8BF8A5A}.Debug|Any CPU.Build.0 = Debug|Any CPU
		{21DD2A20-BE57-EA61-E1E4-70BAD8BF8A5A}.Release|Any CPU.ActiveCfg = Release|Any CPU
		{21DD2A20-BE57-EA61-E1E4-70BAD8BF8A5A}.Release|Any CPU.Build.0 = Release|Any CPU
		{D68BD194-2C72-876F-8F14-48B2BA264B14}.Debug|Any CPU.ActiveCfg = Debug|Any CPU
		{D68BD194-2C72-876F-8F14-48B2BA264B14}.Debug|Any CPU.Build.0 = Debug|Any CPU
		{D68BD194-2C72-876F-8F14-48B2BA264B14}.Release|Any CPU.ActiveCfg = Release|Any CPU
		{D68BD194-2C72-876F-8F14-48B2BA264B14}.Release|Any CPU.Build.0 = Release|Any CPU
		{C90D422D-4577-876F-4995-0A9FBF67C509}.Debug|Any CPU.ActiveCfg = Debug|Any CPU
		{C90D422D-4577-876F-4995-0A9FBF67C509}.Debug|Any CPU.Build.0 = Debug|Any CPU
		{C90D422D-4577-876F-4995-0A9FBF67C509}.Release|Any CPU.ActiveCfg = Release|Any CPU
		{C90D422D-4577-876F-4995-0A9FBF67C509}.Release|Any CPU.Build.0 = Release|Any CPU
		{1D84B0CC-1344-4300-38AF-6C4A07923505}.Debug|Any CPU.ActiveCfg = Debug|Any CPU
		{1D84B0CC-1344-4300-38AF-6C4A07923505}.Debug|Any CPU.Build.0 = Debug|Any CPU
		{1D84B0CC-1344-4300-38AF-6C4A07923505}.Release|Any CPU.ActiveCfg = Release|Any CPU
		{1D84B0CC-1344-4300-38AF-6C4A07923505}.Release|Any CPU.Build.0 = Release|Any CPU
		{DF3E4BB7-E524-24F6-E570-38C6D0A89C7E}.Debug|Any CPU.ActiveCfg = Debug|Any CPU
		{DF3E4BB7-E524-24F6-E570-38C6D0A89C7E}.Debug|Any CPU.Build.0 = Debug|Any CPU
		{DF3E4BB7-E524-24F6-E570-38C6D0A89C7E}.Release|Any CPU.ActiveCfg = Release|Any CPU
		{DF3E4BB7-E524-24F6-E570-38C6D0A89C7E}.Release|Any CPU.Build.0 = Release|Any CPU
		{2B7C39DE-FA62-C66C-CDFA-E8C07F2A4D22}.Debug|Any CPU.ActiveCfg = Debug|Any CPU
		{2B7C39DE-FA62-C66C-CDFA-E8C07F2A4D22}.Debug|Any CPU.Build.0 = Debug|Any CPU
		{2B7C39DE-FA62-C66C-CDFA-E8C07F2A4D22}.Release|Any CPU.ActiveCfg = Release|Any CPU
		{2B7C39DE-FA62-C66C-CDFA-E8C07F2A4D22}.Release|Any CPU.Build.0 = Release|Any CPU
		{38623DF0-8AEB-449D-19CD-BE28AB5C240B}.Debug|Any CPU.ActiveCfg = Debug|Any CPU
		{38623DF0-8AEB-449D-19CD-BE28AB5C240B}.Debug|Any CPU.Build.0 = Debug|Any CPU
		{38623DF0-8AEB-449D-19CD-BE28AB5C240B}.Release|Any CPU.ActiveCfg = Release|Any CPU
		{38623DF0-8AEB-449D-19CD-BE28AB5C240B}.Release|Any CPU.Build.0 = Release|Any CPU
		{BFFC6D7A-CB71-4D90-1421-9BD9D5E62490}.Debug|Any CPU.ActiveCfg = Debug|Any CPU
		{BFFC6D7A-CB71-4D90-1421-9BD9D5E62490}.Debug|Any CPU.Build.0 = Debug|Any CPU
		{BFFC6D7A-CB71-4D90-1421-9BD9D5E62490}.Release|Any CPU.ActiveCfg = Release|Any CPU
		{BFFC6D7A-CB71-4D90-1421-9BD9D5E62490}.Release|Any CPU.Build.0 = Release|Any CPU
		{E651C17C-4D8E-82FB-4A37-9E44CD09E533}.Debug|Any CPU.ActiveCfg = Debug|Any CPU
		{E651C17C-4D8E-82FB-4A37-9E44CD09E533}.Debug|Any CPU.Build.0 = Debug|Any CPU
		{E651C17C-4D8E-82FB-4A37-9E44CD09E533}.Release|Any CPU.ActiveCfg = Release|Any CPU
		{E651C17C-4D8E-82FB-4A37-9E44CD09E533}.Release|Any CPU.Build.0 = Release|Any CPU
		{9C756D8C-1238-F33F-37AA-10DB42172B28}.Debug|Any CPU.ActiveCfg = Debug|Any CPU
		{9C756D8C-1238-F33F-37AA-10DB42172B28}.Debug|Any CPU.Build.0 = Debug|Any CPU
		{9C756D8C-1238-F33F-37AA-10DB42172B28}.Release|Any CPU.ActiveCfg = Release|Any CPU
		{9C756D8C-1238-F33F-37AA-10DB42172B28}.Release|Any CPU.Build.0 = Release|Any CPU
		{B205FF34-7F80-FD7B-60ED-CC0D6FBAF8E3}.Debug|Any CPU.ActiveCfg = Debug|Any CPU
		{B205FF34-7F80-FD7B-60ED-CC0D6FBAF8E3}.Debug|Any CPU.Build.0 = Debug|Any CPU
		{B205FF34-7F80-FD7B-60ED-CC0D6FBAF8E3}.Release|Any CPU.ActiveCfg = Release|Any CPU
		{B205FF34-7F80-FD7B-60ED-CC0D6FBAF8E3}.Release|Any CPU.Build.0 = Release|Any CPU
		{0553C431-31B4-3E5B-38FE-08235FB63DBF}.Debug|Any CPU.ActiveCfg = Debug|Any CPU
		{0553C431-31B4-3E5B-38FE-08235FB63DBF}.Debug|Any CPU.Build.0 = Debug|Any CPU
		{0553C431-31B4-3E5B-38FE-08235FB63DBF}.Release|Any CPU.ActiveCfg = Release|Any CPU
		{0553C431-31B4-3E5B-38FE-08235FB63DBF}.Release|Any CPU.Build.0 = Release|Any CPU
		{FF336EE5-A0DB-A6BF-112F-7B2D9F3E6645}.Debug|Any CPU.ActiveCfg = Debug|Any CPU
		{FF336EE5-A0DB-A6BF-112F-7B2D9F3E6645}.Debug|Any CPU.Build.0 = Debug|Any CPU
		{FF336EE5-A0DB-A6BF-112F-7B2D9F3E6645}.Release|Any CPU.ActiveCfg = Release|Any CPU
		{FF336EE5-A0DB-A6BF-112F-7B2D9F3E6645}.Release|Any CPU.Build.0 = Release|Any CPU
		{44D27264-218A-32BA-2A98-042375FBC045}.Debug|Any CPU.ActiveCfg = Debug|Any CPU
		{44D27264-218A-32BA-2A98-042375FBC045}.Debug|Any CPU.Build.0 = Debug|Any CPU
		{44D27264-218A-32BA-2A98-042375FBC045}.Release|Any CPU.ActiveCfg = Release|Any CPU
		{44D27264-218A-32BA-2A98-042375FBC045}.Release|Any CPU.Build.0 = Release|Any CPU
		{8470E6EE-0D30-5C40-1FDB-B110F8586669}.Debug|Any CPU.ActiveCfg = Debug|Any CPU
		{8470E6EE-0D30-5C40-1FDB-B110F8586669}.Debug|Any CPU.Build.0 = Debug|Any CPU
		{8470E6EE-0D30-5C40-1FDB-B110F8586669}.Release|Any CPU.ActiveCfg = Release|Any CPU
		{8470E6EE-0D30-5C40-1FDB-B110F8586669}.Release|Any CPU.Build.0 = Release|Any CPU
		{DFE31014-66FF-4B18-1838-59E887BB069D}.Debug|Any CPU.ActiveCfg = Debug|Any CPU
		{DFE31014-66FF-4B18-1838-59E887BB069D}.Debug|Any CPU.Build.0 = Debug|Any CPU
		{DFE31014-66FF-4B18-1838-59E887BB069D}.Release|Any CPU.ActiveCfg = Release|Any CPU
		{DFE31014-66FF-4B18-1838-59E887BB069D}.Release|Any CPU.Build.0 = Release|Any CPU
		{C7E05375-8C69-66FB-D4BC-AB395188EF38}.Debug|Any CPU.ActiveCfg = Debug|Any CPU
		{C7E05375-8C69-66FB-D4BC-AB395188EF38}.Debug|Any CPU.Build.0 = Debug|Any CPU
		{C7E05375-8C69-66FB-D4BC-AB395188EF38}.Release|Any CPU.ActiveCfg = Release|Any CPU
		{C7E05375-8C69-66FB-D4BC-AB395188EF38}.Release|Any CPU.Build.0 = Release|Any CPU
		{93F64020-ED8D-3156-9BF8-DADEC3A6B0A7}.Debug|Any CPU.ActiveCfg = Debug|Any CPU
		{93F64020-ED8D-3156-9BF8-DADEC3A6B0A7}.Debug|Any CPU.Build.0 = Debug|Any CPU
		{93F64020-ED8D-3156-9BF8-DADEC3A6B0A7}.Release|Any CPU.ActiveCfg = Release|Any CPU
		{93F64020-ED8D-3156-9BF8-DADEC3A6B0A7}.Release|Any CPU.Build.0 = Release|Any CPU
		{E26A71E4-3EC9-4351-863E-D9A70097AE6B}.Debug|Any CPU.ActiveCfg = Debug|Any CPU
		{E26A71E4-3EC9-4351-863E-D9A70097AE6B}.Debug|Any CPU.Build.0 = Debug|Any CPU
		{E26A71E4-3EC9-4351-863E-D9A70097AE6B}.Release|Any CPU.ActiveCfg = Release|Any CPU
		{E26A71E4-3EC9-4351-863E-D9A70097AE6B}.Release|Any CPU.Build.0 = Release|Any CPU
		{C42CEDC7-EB20-D4A0-7E40-263D9C823ADD}.Debug|Any CPU.ActiveCfg = Debug|Any CPU
		{C42CEDC7-EB20-D4A0-7E40-263D9C823ADD}.Debug|Any CPU.Build.0 = Debug|Any CPU
		{C42CEDC7-EB20-D4A0-7E40-263D9C823ADD}.Release|Any CPU.ActiveCfg = Release|Any CPU
		{C42CEDC7-EB20-D4A0-7E40-263D9C823ADD}.Release|Any CPU.Build.0 = Release|Any CPU
		{2008855B-F304-7199-403F-823EC8F31893}.Debug|Any CPU.ActiveCfg = Debug|Any CPU
		{2008855B-F304-7199-403F-823EC8F31893}.Debug|Any CPU.Build.0 = Debug|Any CPU
		{2008855B-F304-7199-403F-823EC8F31893}.Release|Any CPU.ActiveCfg = Release|Any CPU
		{2008855B-F304-7199-403F-823EC8F31893}.Release|Any CPU.Build.0 = Release|Any CPU
		{2D38A960-1800-D0AB-AFFB-557823E5A4AC}.Debug|Any CPU.ActiveCfg = Debug|Any CPU
		{2D38A960-1800-D0AB-AFFB-557823E5A4AC}.Debug|Any CPU.Build.0 = Debug|Any CPU
		{2D38A960-1800-D0AB-AFFB-557823E5A4AC}.Release|Any CPU.ActiveCfg = Release|Any CPU
		{2D38A960-1800-D0AB-AFFB-557823E5A4AC}.Release|Any CPU.Build.0 = Release|Any CPU
		{66074035-E8DF-052E-2AB4-AA6186B3FAC2}.Debug|Any CPU.ActiveCfg = Debug|Any CPU
		{66074035-E8DF-052E-2AB4-AA6186B3FAC2}.Debug|Any CPU.Build.0 = Debug|Any CPU
		{66074035-E8DF-052E-2AB4-AA6186B3FAC2}.Release|Any CPU.ActiveCfg = Release|Any CPU
		{66074035-E8DF-052E-2AB4-AA6186B3FAC2}.Release|Any CPU.Build.0 = Release|Any CPU
		{81A081C6-C77A-E9D6-5787-B8689DAFE7F6}.Debug|Any CPU.ActiveCfg = Debug|Any CPU
		{81A081C6-C77A-E9D6-5787-B8689DAFE7F6}.Debug|Any CPU.Build.0 = Debug|Any CPU
		{81A081C6-C77A-E9D6-5787-B8689DAFE7F6}.Release|Any CPU.ActiveCfg = Release|Any CPU
		{81A081C6-C77A-E9D6-5787-B8689DAFE7F6}.Release|Any CPU.Build.0 = Release|Any CPU
		{8E933A23-EA13-64F0-41D9-1C0581DDF1BF}.Debug|Any CPU.ActiveCfg = Debug|Any CPU
		{8E933A23-EA13-64F0-41D9-1C0581DDF1BF}.Debug|Any CPU.Build.0 = Debug|Any CPU
		{8E933A23-EA13-64F0-41D9-1C0581DDF1BF}.Release|Any CPU.ActiveCfg = Release|Any CPU
		{8E933A23-EA13-64F0-41D9-1C0581DDF1BF}.Release|Any CPU.Build.0 = Release|Any CPU
		{7DFFE043-A109-2739-6954-12DBDF0A6DE9}.Debug|Any CPU.ActiveCfg = Debug|Any CPU
		{7DFFE043-A109-2739-6954-12DBDF0A6DE9}.Debug|Any CPU.Build.0 = Debug|Any CPU
		{7DFFE043-A109-2739-6954-12DBDF0A6DE9}.Release|Any CPU.ActiveCfg = Release|Any CPU
		{7DFFE043-A109-2739-6954-12DBDF0A6DE9}.Release|Any CPU.Build.0 = Release|Any CPU
		{66C3909E-A5E2-FC7E-CA3A-AC62DEDF48C4}.Debug|Any CPU.ActiveCfg = Debug|Any CPU
		{66C3909E-A5E2-FC7E-CA3A-AC62DEDF48C4}.Debug|Any CPU.Build.0 = Debug|Any CPU
		{66C3909E-A5E2-FC7E-CA3A-AC62DEDF48C4}.Release|Any CPU.ActiveCfg = Release|Any CPU
		{66C3909E-A5E2-FC7E-CA3A-AC62DEDF48C4}.Release|Any CPU.Build.0 = Release|Any CPU
		{58018715-4EB0-152C-7345-D49638C84154}.Debug|Any CPU.ActiveCfg = Debug|Any CPU
		{58018715-4EB0-152C-7345-D49638C84154}.Debug|Any CPU.Build.0 = Debug|Any CPU
		{58018715-4EB0-152C-7345-D49638C84154}.Release|Any CPU.ActiveCfg = Release|Any CPU
		{58018715-4EB0-152C-7345-D49638C84154}.Release|Any CPU.Build.0 = Release|Any CPU
		{747B8B61-6317-C2F3-564C-2DA614C3E5C1}.Debug|Any CPU.ActiveCfg = Debug|Any CPU
		{747B8B61-6317-C2F3-564C-2DA614C3E5C1}.Debug|Any CPU.Build.0 = Debug|Any CPU
		{747B8B61-6317-C2F3-564C-2DA614C3E5C1}.Release|Any CPU.ActiveCfg = Release|Any CPU
		{747B8B61-6317-C2F3-564C-2DA614C3E5C1}.Release|Any CPU.Build.0 = Release|Any CPU
		{0352392E-E220-0C5A-EEA4-299477DE72CD}.Debug|Any CPU.ActiveCfg = Debug|Any CPU
		{0352392E-E220-0C5A-EEA4-299477DE72CD}.Debug|Any CPU.Build.0 = Debug|Any CPU
		{0352392E-E220-0C5A-EEA4-299477DE72CD}.Release|Any CPU.ActiveCfg = Release|Any CPU
		{0352392E-E220-0C5A-EEA4-299477DE72CD}.Release|Any CPU.Build.0 = Release|Any CPU
		{3006E4BF-CE7B-34C1-D759-61C0C72A1927}.Debug|Any CPU.ActiveCfg = Debug|Any CPU
		{3006E4BF-CE7B-34C1-D759-61C0C72A1927}.Debug|Any CPU.Build.0 = Debug|Any CPU
		{3006E4BF-CE7B-34C1-D759-61C0C72A1927}.Release|Any CPU.ActiveCfg = Release|Any CPU
		{3006E4BF-CE7B-34C1-D759-61C0C72A1927}.Release|Any CPU.Build.0 = Release|Any CPU
		{59D7EC36-ABE0-6119-559C-F7B3AD20DD9F}.Debug|Any CPU.ActiveCfg = Debug|Any CPU
		{59D7EC36-ABE0-6119-559C-F7B3AD20DD9F}.Debug|Any CPU.Build.0 = Debug|Any CPU
		{59D7EC36-ABE0-6119-559C-F7B3AD20DD9F}.Release|Any CPU.ActiveCfg = Release|Any CPU
		{59D7EC36-ABE0-6119-559C-F7B3AD20DD9F}.Release|Any CPU.Build.0 = Release|Any CPU
		{6116402D-3A17-648F-0F78-D0270BF7D34B}.Debug|Any CPU.ActiveCfg = Debug|Any CPU
		{6116402D-3A17-648F-0F78-D0270BF7D34B}.Debug|Any CPU.Build.0 = Debug|Any CPU
		{6116402D-3A17-648F-0F78-D0270BF7D34B}.Release|Any CPU.ActiveCfg = Release|Any CPU
		{6116402D-3A17-648F-0F78-D0270BF7D34B}.Release|Any CPU.Build.0 = Release|Any CPU
		{C91ECEBA-7DF7-69EF-D15A-321B8B0CF683}.Debug|Any CPU.ActiveCfg = Debug|Any CPU
		{C91ECEBA-7DF7-69EF-D15A-321B8B0CF683}.Debug|Any CPU.Build.0 = Debug|Any CPU
		{C91ECEBA-7DF7-69EF-D15A-321B8B0CF683}.Release|Any CPU.ActiveCfg = Release|Any CPU
		{C91ECEBA-7DF7-69EF-D15A-321B8B0CF683}.Release|Any CPU.Build.0 = Release|Any CPU
		{D9A2A3AC-BA35-9B09-1309-4EECD72132B7}.Debug|Any CPU.ActiveCfg = Debug|Any CPU
		{D9A2A3AC-BA35-9B09-1309-4EECD72132B7}.Debug|Any CPU.Build.0 = Debug|Any CPU
		{D9A2A3AC-BA35-9B09-1309-4EECD72132B7}.Release|Any CPU.ActiveCfg = Release|Any CPU
		{D9A2A3AC-BA35-9B09-1309-4EECD72132B7}.Release|Any CPU.Build.0 = Release|Any CPU
		{A51EC345-ED80-2A9F-2500-8AD9425892B2}.Debug|Any CPU.ActiveCfg = Debug|Any CPU
		{A51EC345-ED80-2A9F-2500-8AD9425892B2}.Debug|Any CPU.Build.0 = Debug|Any CPU
		{A51EC345-ED80-2A9F-2500-8AD9425892B2}.Release|Any CPU.ActiveCfg = Release|Any CPU
		{A51EC345-ED80-2A9F-2500-8AD9425892B2}.Release|Any CPU.Build.0 = Release|Any CPU
		{CAB2EF09-546A-437F-4036-CEFD6941476B}.Debug|Any CPU.ActiveCfg = Debug|Any CPU
		{CAB2EF09-546A-437F-4036-CEFD6941476B}.Debug|Any CPU.Build.0 = Debug|Any CPU
		{CAB2EF09-546A-437F-4036-CEFD6941476B}.Release|Any CPU.ActiveCfg = Release|Any CPU
		{CAB2EF09-546A-437F-4036-CEFD6941476B}.Release|Any CPU.Build.0 = Release|Any CPU
		{A5C4C067-B52D-401C-99E8-E749CF93D554}.Debug|Any CPU.ActiveCfg = Debug|Any CPU
		{A5C4C067-B52D-401C-99E8-E749CF93D554}.Debug|Any CPU.Build.0 = Debug|Any CPU
		{A5C4C067-B52D-401C-99E8-E749CF93D554}.Release|Any CPU.ActiveCfg = Release|Any CPU
		{A5C4C067-B52D-401C-99E8-E749CF93D554}.Release|Any CPU.Build.0 = Release|Any CPU
		{C93CE831-31EE-15B9-BDC6-C12E3CD2BFA1}.Debug|Any CPU.ActiveCfg = Debug|Any CPU
		{C93CE831-31EE-15B9-BDC6-C12E3CD2BFA1}.Debug|Any CPU.Build.0 = Debug|Any CPU
		{C93CE831-31EE-15B9-BDC6-C12E3CD2BFA1}.Release|Any CPU.ActiveCfg = Release|Any CPU
		{C93CE831-31EE-15B9-BDC6-C12E3CD2BFA1}.Release|Any CPU.Build.0 = Release|Any CPU
		{9E08AA7F-A534-3581-D759-9F9D960E7642}.Debug|Any CPU.ActiveCfg = Debug|Any CPU
		{9E08AA7F-A534-3581-D759-9F9D960E7642}.Debug|Any CPU.Build.0 = Debug|Any CPU
		{9E08AA7F-A534-3581-D759-9F9D960E7642}.Release|Any CPU.ActiveCfg = Release|Any CPU
		{9E08AA7F-A534-3581-D759-9F9D960E7642}.Release|Any CPU.Build.0 = Release|Any CPU
		{C20AA9D1-5F44-D714-C279-F219743BD0AF}.Debug|Any CPU.ActiveCfg = Debug|Any CPU
		{C20AA9D1-5F44-D714-C279-F219743BD0AF}.Debug|Any CPU.Build.0 = Debug|Any CPU
		{C20AA9D1-5F44-D714-C279-F219743BD0AF}.Release|Any CPU.ActiveCfg = Release|Any CPU
		{C20AA9D1-5F44-D714-C279-F219743BD0AF}.Release|Any CPU.Build.0 = Release|Any CPU
		{ED50F662-FDF2-2967-416D-F686F49C9F0C}.Debug|Any CPU.ActiveCfg = Debug|Any CPU
		{ED50F662-FDF2-2967-416D-F686F49C9F0C}.Debug|Any CPU.Build.0 = Debug|Any CPU
		{ED50F662-FDF2-2967-416D-F686F49C9F0C}.Release|Any CPU.ActiveCfg = Release|Any CPU
		{ED50F662-FDF2-2967-416D-F686F49C9F0C}.Release|Any CPU.Build.0 = Release|Any CPU
		{3EE9DD03-A94A-B79E-20C1-3D0608313358}.Debug|Any CPU.ActiveCfg = Debug|Any CPU
		{3EE9DD03-A94A-B79E-20C1-3D0608313358}.Debug|Any CPU.Build.0 = Debug|Any CPU
		{3EE9DD03-A94A-B79E-20C1-3D0608313358}.Release|Any CPU.ActiveCfg = Release|Any CPU
		{3EE9DD03-A94A-B79E-20C1-3D0608313358}.Release|Any CPU.Build.0 = Release|Any CPU
		{E8D70176-E50C-9594-C252-AF9F7F9CF539}.Debug|Any CPU.ActiveCfg = Debug|Any CPU
		{E8D70176-E50C-9594-C252-AF9F7F9CF539}.Debug|Any CPU.Build.0 = Debug|Any CPU
		{E8D70176-E50C-9594-C252-AF9F7F9CF539}.Release|Any CPU.ActiveCfg = Release|Any CPU
		{E8D70176-E50C-9594-C252-AF9F7F9CF539}.Release|Any CPU.Build.0 = Release|Any CPU
		{4AB02E72-A75C-DC62-35C9-7FC9C0A5CC91}.Debug|Any CPU.ActiveCfg = Debug|Any CPU
		{4AB02E72-A75C-DC62-35C9-7FC9C0A5CC91}.Debug|Any CPU.Build.0 = Debug|Any CPU
		{4AB02E72-A75C-DC62-35C9-7FC9C0A5CC91}.Release|Any CPU.ActiveCfg = Release|Any CPU
		{4AB02E72-A75C-DC62-35C9-7FC9C0A5CC91}.Release|Any CPU.Build.0 = Release|Any CPU
		{B444F9E6-595B-ABFD-C074-C8F9AA8BB55F}.Debug|Any CPU.ActiveCfg = Debug|Any CPU
		{B444F9E6-595B-ABFD-C074-C8F9AA8BB55F}.Debug|Any CPU.Build.0 = Debug|Any CPU
		{B444F9E6-595B-ABFD-C074-C8F9AA8BB55F}.Release|Any CPU.ActiveCfg = Release|Any CPU
		{B444F9E6-595B-ABFD-C074-C8F9AA8BB55F}.Release|Any CPU.Build.0 = Release|Any CPU
		{7DAC8DDF-1BC6-F2F2-016A-031916C18881}.Debug|Any CPU.ActiveCfg = Debug|Any CPU
		{7DAC8DDF-1BC6-F2F2-016A-031916C18881}.Debug|Any CPU.Build.0 = Debug|Any CPU
		{7DAC8DDF-1BC6-F2F2-016A-031916C18881}.Release|Any CPU.ActiveCfg = Release|Any CPU
		{7DAC8DDF-1BC6-F2F2-016A-031916C18881}.Release|Any CPU.Build.0 = Release|Any CPU
		{A59C3461-DD7B-2EAA-7548-FE85497E9418}.Debug|Any CPU.ActiveCfg = Debug|Any CPU
		{A59C3461-DD7B-2EAA-7548-FE85497E9418}.Debug|Any CPU.Build.0 = Debug|Any CPU
		{A59C3461-DD7B-2EAA-7548-FE85497E9418}.Release|Any CPU.ActiveCfg = Release|Any CPU
		{A59C3461-DD7B-2EAA-7548-FE85497E9418}.Release|Any CPU.Build.0 = Release|Any CPU
		{B18F6E8F-04EF-AAC4-331B-4E6E47176990}.Debug|Any CPU.ActiveCfg = Debug|Any CPU
		{B18F6E8F-04EF-AAC4-331B-4E6E47176990}.Debug|Any CPU.Build.0 = Debug|Any CPU
		{B18F6E8F-04EF-AAC4-331B-4E6E47176990}.Release|Any CPU.ActiveCfg = Release|Any CPU
		{B18F6E8F-04EF-AAC4-331B-4E6E47176990}.Release|Any CPU.Build.0 = Release|Any CPU
		{A0F65796-5C20-7ADA-A9C9-D3A2ACEC5F7E}.Debug|Any CPU.ActiveCfg = Debug|Any CPU
		{A0F65796-5C20-7ADA-A9C9-D3A2ACEC5F7E}.Debug|Any CPU.Build.0 = Debug|Any CPU
		{A0F65796-5C20-7ADA-A9C9-D3A2ACEC5F7E}.Release|Any CPU.ActiveCfg = Release|Any CPU
		{A0F65796-5C20-7ADA-A9C9-D3A2ACEC5F7E}.Release|Any CPU.Build.0 = Release|Any CPU
		{E7694518-65A4-F466-3827-49488589D577}.Debug|Any CPU.ActiveCfg = Debug|Any CPU
		{E7694518-65A4-F466-3827-49488589D577}.Debug|Any CPU.Build.0 = Debug|Any CPU
		{E7694518-65A4-F466-3827-49488589D577}.Release|Any CPU.ActiveCfg = Release|Any CPU
		{E7694518-65A4-F466-3827-49488589D577}.Release|Any CPU.Build.0 = Release|Any CPU
		{E0E50406-BED2-333A-6314-7D4EA03D996C}.Debug|Any CPU.ActiveCfg = Debug|Any CPU
		{E0E50406-BED2-333A-6314-7D4EA03D996C}.Debug|Any CPU.Build.0 = Debug|Any CPU
		{E0E50406-BED2-333A-6314-7D4EA03D996C}.Release|Any CPU.ActiveCfg = Release|Any CPU
		{E0E50406-BED2-333A-6314-7D4EA03D996C}.Release|Any CPU.Build.0 = Release|Any CPU
		{0452AAF8-314B-0A7A-4247-05D64D466DF8}.Debug|Any CPU.ActiveCfg = Debug|Any CPU
		{0452AAF8-314B-0A7A-4247-05D64D466DF8}.Debug|Any CPU.Build.0 = Debug|Any CPU
		{0452AAF8-314B-0A7A-4247-05D64D466DF8}.Release|Any CPU.ActiveCfg = Release|Any CPU
		{0452AAF8-314B-0A7A-4247-05D64D466DF8}.Release|Any CPU.Build.0 = Release|Any CPU
	EndGlobalSection
	GlobalSection(SolutionProperties) = preSolution
		HideSolutionNode = FALSE
	EndGlobalSection
EndGlobal
