{
  "name": "devian-modules",
  "version": "10.0.0",
  "lockfileVersion": 3,
  "requires": true,
  "packages": {
    "": {
      "name": "devian-modules",
      "version": "10.0.0",
      "workspaces": [
        "devian-core",
        "devian-protobuf",
        "devian-module-*",
        "devian-protocol-*"
      ]
    },
    "devian-core": {
      "name": "@devian/core",
      "version": "10.0.0"
    },
    "devian-module-common": {
      "name": "@devian/module-common",
      "version": "10.0.0",
      "dependencies": {
        "@devian/core": "10.0.0"
      }
    },
    "devian-protobuf": {
      "name": "@devian/protobuf",
      "version": "10.0.0",
      "dependencies": {
        "@devian/core": "10.0.0"
      }
    },
    "devian-protocol-client": {
      "name": "@devian/protocol-client",
      "version": "10.0.0",
      "dependencies": {
        "@devian/core": "10.0.0"
      }
    },
    "node_modules/@devian/core": {
      "resolved": "devian-core",
      "link": true
    },
    "node_modules/@devian/module-common": {
      "resolved": "devian-module-common",
      "link": true
    },
    "node_modules/@devian/protobuf": {
      "resolved": "devian-protobuf",
      "link": true
    },
    "node_modules/@devian/protocol-client": {
      "resolved": "devian-protocol-client",
      "link": true
    }
  }
}
